// !$*UTF8*$!
{
	archiveVersion = 1;
	classes = {
	};
	objectVersion = 46;
	objects = {

/* Begin PBXBuildFile section */
		F114BFD21AB632E900CBC1D5 /* copperMedal.png in Resources */ = {isa = PBXBuildFile; fileRef = F114BFCA1AB632E900CBC1D5 /* copperMedal.png */; };
		F114BFD31AB632E900CBC1D5 /* emeraldMedal.png in Resources */ = {isa = PBXBuildFile; fileRef = F114BFCB1AB632E900CBC1D5 /* emeraldMedal.png */; };
		F114BFD41AB632E900CBC1D5 /* goldMedal.png in Resources */ = {isa = PBXBuildFile; fileRef = F114BFCC1AB632E900CBC1D5 /* goldMedal.png */; };
		F114BFD51AB632E900CBC1D5 /* platinumMedal.png in Resources */ = {isa = PBXBuildFile; fileRef = F114BFCD1AB632E900CBC1D5 /* platinumMedal.png */; };
		F114BFD61AB632E900CBC1D5 /* rainbowMedal.png in Resources */ = {isa = PBXBuildFile; fileRef = F114BFCE1AB632E900CBC1D5 /* rainbowMedal.png */; };
		F114BFD71AB632E900CBC1D5 /* rubyMedal.png in Resources */ = {isa = PBXBuildFile; fileRef = F114BFCF1AB632E900CBC1D5 /* rubyMedal.png */; };
		F114BFD81AB632E900CBC1D5 /* sapphireMedal.png in Resources */ = {isa = PBXBuildFile; fileRef = F114BFD01AB632E900CBC1D5 /* sapphireMedal.png */; };
		F114BFD91AB632E900CBC1D5 /* silverMedal.png in Resources */ = {isa = PBXBuildFile; fileRef = F114BFD11AB632E900CBC1D5 /* silverMedal.png */; };
		F12BA58519F6040F00C6B1FF /* Foundation.framework in Frameworks */ = {isa = PBXBuildFile; fileRef = F12BA58419F6040F00C6B1FF /* Foundation.framework */; };
		F12BA58719F6040F00C6B1FF /* CoreGraphics.framework in Frameworks */ = {isa = PBXBuildFile; fileRef = F12BA58619F6040F00C6B1FF /* CoreGraphics.framework */; };
		F12BA58919F6040F00C6B1FF /* UIKit.framework in Frameworks */ = {isa = PBXBuildFile; fileRef = F12BA58819F6040F00C6B1FF /* UIKit.framework */; };
		F12BA58B19F6040F00C6B1FF /* SpriteKit.framework in Frameworks */ = {isa = PBXBuildFile; fileRef = F12BA58A19F6040F00C6B1FF /* SpriteKit.framework */; };
		F12BA59119F6040F00C6B1FF /* InfoPlist.strings in Resources */ = {isa = PBXBuildFile; fileRef = F12BA58F19F6040F00C6B1FF /* InfoPlist.strings */; };
		F12BA59319F6040F00C6B1FF /* main.m in Sources */ = {isa = PBXBuildFile; fileRef = F12BA59219F6040F00C6B1FF /* main.m */; };
		F12BA59719F6040F00C6B1FF /* GEAAppDelegate.m in Sources */ = {isa = PBXBuildFile; fileRef = F12BA59619F6040F00C6B1FF /* GEAAppDelegate.m */; };
		F12BA59A19F6040F00C6B1FF /* Main.storyboard in Resources */ = {isa = PBXBuildFile; fileRef = F12BA59819F6040F00C6B1FF /* Main.storyboard */; };
		F12BA59D19F6040F00C6B1FF /* GEAViewController.m in Sources */ = {isa = PBXBuildFile; fileRef = F12BA59C19F6040F00C6B1FF /* GEAViewController.m */; };
		F12BA5A019F6040F00C6B1FF /* GEAGameScene.m in Sources */ = {isa = PBXBuildFile; fileRef = F12BA59F19F6040F00C6B1FF /* GEAGameScene.m */; };
		F12BA5A419F6040F00C6B1FF /* Images.xcassets in Resources */ = {isa = PBXBuildFile; fileRef = F12BA5A319F6040F00C6B1FF /* Images.xcassets */; };
		F12BA5AB19F6040F00C6B1FF /* XCTest.framework in Frameworks */ = {isa = PBXBuildFile; fileRef = F12BA5AA19F6040F00C6B1FF /* XCTest.framework */; };
		F12BA5AC19F6040F00C6B1FF /* Foundation.framework in Frameworks */ = {isa = PBXBuildFile; fileRef = F12BA58419F6040F00C6B1FF /* Foundation.framework */; };
		F12BA5AD19F6040F00C6B1FF /* UIKit.framework in Frameworks */ = {isa = PBXBuildFile; fileRef = F12BA58819F6040F00C6B1FF /* UIKit.framework */; };
		F12BA5B519F6040F00C6B1FF /* InfoPlist.strings in Resources */ = {isa = PBXBuildFile; fileRef = F12BA5B319F6040F00C6B1FF /* InfoPlist.strings */; };
		F12BA5B719F6040F00C6B1FF /* Pie_FightTests.m in Sources */ = {isa = PBXBuildFile; fileRef = F12BA5B619F6040F00C6B1FF /* Pie_FightTests.m */; };
		F139B1EB1AB6542C003E3E1C /* finalScoreBackGround.png in Resources */ = {isa = PBXBuildFile; fileRef = F139B1E91AB6542C003E3E1C /* finalScoreBackGround.png */; };
		F139B1ED1AB658D9003E3E1C /* noMedal.png in Resources */ = {isa = PBXBuildFile; fileRef = F139B1EC1AB658D9003E3E1C /* noMedal.png */; };
		F14825721A9C1180006EDFE3 /* retryButton.png in Resources */ = {isa = PBXBuildFile; fileRef = F14825701A9C1180006EDFE3 /* retryButton.png */; };
		F14825781A9D61C7006EDFE3 /* gingerBreadManWithMuffin.png in Resources */ = {isa = PBXBuildFile; fileRef = F14825761A9D61C7006EDFE3 /* gingerBreadManWithMuffin.png */; };
		F14825851A9D77C0006EDFE3 /* Icon-29.png in Resources */ = {isa = PBXBuildFile; fileRef = F148257A1A9D77C0006EDFE3 /* Icon-29.png */; };
		F14825861A9D77C0006EDFE3 /* Icon-29@2x.png in Resources */ = {isa = PBXBuildFile; fileRef = F148257B1A9D77C0006EDFE3 /* Icon-29@2x.png */; };
		F14825871A9D77C0006EDFE3 /* Icon-29@3x.png in Resources */ = {isa = PBXBuildFile; fileRef = F148257C1A9D77C0006EDFE3 /* Icon-29@3x.png */; };
		F14825881A9D77C0006EDFE3 /* Icon-40.png in Resources */ = {isa = PBXBuildFile; fileRef = F148257D1A9D77C0006EDFE3 /* Icon-40.png */; };
		F14825891A9D77C0006EDFE3 /* Icon-40@2x.png in Resources */ = {isa = PBXBuildFile; fileRef = F148257E1A9D77C0006EDFE3 /* Icon-40@2x.png */; };
		F148258A1A9D77C0006EDFE3 /* Icon-40@3x.png in Resources */ = {isa = PBXBuildFile; fileRef = F148257F1A9D77C0006EDFE3 /* Icon-40@3x.png */; };
		F148258B1A9D77C0006EDFE3 /* Icon-60@2x.png in Resources */ = {isa = PBXBuildFile; fileRef = F14825801A9D77C0006EDFE3 /* Icon-60@2x.png */; };
		F148258C1A9D77C0006EDFE3 /* Icon-60@3x.png in Resources */ = {isa = PBXBuildFile; fileRef = F14825811A9D77C0006EDFE3 /* Icon-60@3x.png */; };
		F148258D1A9D77C0006EDFE3 /* Icon-76.png in Resources */ = {isa = PBXBuildFile; fileRef = F14825821A9D77C0006EDFE3 /* Icon-76.png */; };
		F148258E1A9D77C0006EDFE3 /* Icon-76@2x.png in Resources */ = {isa = PBXBuildFile; fileRef = F14825831A9D77C0006EDFE3 /* Icon-76@2x.png */; };
		F148258F1A9D77C0006EDFE3 /* iTunesArtwork@2x.png in Resources */ = {isa = PBXBuildFile; fileRef = F14825841A9D77C0006EDFE3 /* iTunesArtwork@2x.png */; };
		F14825951AA221B6006EDFE3 /* backButton.png in Resources */ = {isa = PBXBuildFile; fileRef = F14825931AA221B6006EDFE3 /* backButton.png */; };
		F14825981AA240AE006EDFE3 /* GEAButtonEnabledScene.m in Sources */ = {isa = PBXBuildFile; fileRef = F14825971AA240AE006EDFE3 /* GEAButtonEnabledScene.m */; };
		F148259D1AA24511006EDFE3 /* leftHandedButton.png in Resources */ = {isa = PBXBuildFile; fileRef = F14825991AA24511006EDFE3 /* leftHandedButton.png */; };
		F148259E1AA24511006EDFE3 /* rightHandedButton.png in Resources */ = {isa = PBXBuildFile; fileRef = F148259B1AA24511006EDFE3 /* rightHandedButton.png */; };
		F14825A31AA24649006EDFE3 /* leftHandedSelectedButton.png in Resources */ = {isa = PBXBuildFile; fileRef = F148259F1AA24649006EDFE3 /* leftHandedSelectedButton.png */; };
		F14825A41AA24649006EDFE3 /* rightHandedSelectedButton.png in Resources */ = {isa = PBXBuildFile; fileRef = F14825A11AA24649006EDFE3 /* rightHandedSelectedButton.png */; };
		F14825DF1AA935A2006EDFE3 /* gingerBreadMen.atlas in Resources */ = {isa = PBXBuildFile; fileRef = F14825DD1AA935A2006EDFE3 /* gingerBreadMen.atlas */; };
		F14825E51AAA43A9006EDFE3 /* frame10.png in Resources */ = {isa = PBXBuildFile; fileRef = F14825E31AAA43A9006EDFE3 /* frame10.png */; };
		F14825E81AABC571006EDFE3 /* muffinMen.atlas in Resources */ = {isa = PBXBuildFile; fileRef = F14825E61AABC571006EDFE3 /* muffinMen.atlas */; };
		F14825EB1AACCCF1006EDFE3 /* deathAnimation.atlas in Resources */ = {isa = PBXBuildFile; fileRef = F14825E91AACCCF1006EDFE3 /* deathAnimation.atlas */; };
		F14825EE1AACE167006EDFE3 /* enterDoor.atlas in Resources */ = {isa = PBXBuildFile; fileRef = F14825EC1AACE167006EDFE3 /* enterDoor.atlas */; };
		F14825F11AACF137006EDFE3 /* nextLevelButton.png in Resources */ = {isa = PBXBuildFile; fileRef = F14825EF1AACF137006EDFE3 /* nextLevelButton.png */; };
		F14825F71AAFD8C3006EDFE3 /* holeOpening.atlas in Resources */ = {isa = PBXBuildFile; fileRef = F14825F51AAFD8C3006EDFE3 /* holeOpening.atlas */; };
		F16F7A1F1AED63CC004FAD39 /* buttonPress.wav in Resources */ = {isa = PBXBuildFile; fileRef = F16F7A1D1AED63CC004FAD39 /* buttonPress.wav */; };
		F16F7A201AED63CC004FAD39 /* muffinThrow.wav in Resources */ = {isa = PBXBuildFile; fileRef = F16F7A1E1AED63CC004FAD39 /* muffinThrow.wav */; };
		F16F7A2A1AED6E93004FAD39 /* titleMusic.caf in Resources */ = {isa = PBXBuildFile; fileRef = F16F7A291AED6E93004FAD39 /* titleMusic.caf */; };
		F16F7A331AED7E05004FAD39 /* musicOffButton.png in Resources */ = {isa = PBXBuildFile; fileRef = F16F7A2B1AED7E04004FAD39 /* musicOffButton.png */; };
		F16F7A341AED7E05004FAD39 /* musicOffSelectedButton.png in Resources */ = {isa = PBXBuildFile; fileRef = F16F7A2D1AED7E05004FAD39 /* musicOffSelectedButton.png */; };
		F16F7A351AED7E05004FAD39 /* musicOnButton.png in Resources */ = {isa = PBXBuildFile; fileRef = F16F7A2F1AED7E05004FAD39 /* musicOnButton.png */; };
		F16F7A361AED7E05004FAD39 /* musicOnSelectedButton.png in Resources */ = {isa = PBXBuildFile; fileRef = F16F7A311AED7E05004FAD39 /* musicOnSelectedButton.png */; };
		F16F7A391AED8D44004FAD39 /* gameMusic.wav in Resources */ = {isa = PBXBuildFile; fileRef = F16F7A371AED8D44004FAD39 /* gameMusic.wav */; };
		F16F7A3A1AED8D44004FAD39 /* bite.wav in Resources */ = {isa = PBXBuildFile; fileRef = F16F7A381AED8D44004FAD39 /* bite.wav */; };
		F16F7A3C1AED8F3B004FAD39 /* muffinImpact.wav in Resources */ = {isa = PBXBuildFile; fileRef = F16F7A3B1AED8F3B004FAD39 /* muffinImpact.wav */; };
		F16F7A3F1AEF1630004FAD39 /* launchImage@1x.png in Resources */ = {isa = PBXBuildFile; fileRef = F16F7A3D1AEF1630004FAD39 /* launchImage@1x.png */; };
		F16F7A401AEF1630004FAD39 /* launchImage@2x.png in Resources */ = {isa = PBXBuildFile; fileRef = F16F7A3E1AEF1630004FAD39 /* launchImage@2x.png */; };
		F16F7A421AEF1716004FAD39 /* launchImageHD.png in Resources */ = {isa = PBXBuildFile; fileRef = F16F7A411AEF1715004FAD39 /* launchImageHD.png */; };
		F1BC7A511AB1329A00824AC7 /* holeSpawn.atlas in Resources */ = {isa = PBXBuildFile; fileRef = F1BC7A4F1AB1329A00824AC7 /* holeSpawn.atlas */; };
		F1C0065C1A61F29800E264EC /* door.png in Resources */ = {isa = PBXBuildFile; fileRef = F1C0065A1A61F29800E264EC /* door.png */; };
		F1C006621A61F70F00E264EC /* closedhole.png in Resources */ = {isa = PBXBuildFile; fileRef = F1C006601A61F70F00E264EC /* closedhole.png */; };
		F1C006651A61F7FE00E264EC /* openhole.png in Resources */ = {isa = PBXBuildFile; fileRef = F1C006631A61F7FE00E264EC /* openhole.png */; };
		F1C006681A63656000E264EC /* GEAJoyStick.m in Sources */ = {isa = PBXBuildFile; fileRef = F1C006671A63656000E264EC /* GEAJoyStick.m */; };
		F1C0066D1A63726A00E264EC /* baseCenter.png in Resources */ = {isa = PBXBuildFile; fileRef = F1C006691A63726A00E264EC /* baseCenter.png */; };
		F1C0066E1A63726A00E264EC /* centerJoystick.png in Resources */ = {isa = PBXBuildFile; fileRef = F1C0066B1A63726A00E264EC /* centerJoystick.png */; };
		F1C006711A638FDD00E264EC /* GEAButton.m in Sources */ = {isa = PBXBuildFile; fileRef = F1C006701A638FDD00E264EC /* GEAButton.m */; };
		F1C006741A6E11CA00E264EC /* gingerBreadMan.png in Resources */ = {isa = PBXBuildFile; fileRef = F1C006721A6E11CA00E264EC /* gingerBreadMan.png */; };
		F1C006781A6E137900E264EC /* throwButton.png in Resources */ = {isa = PBXBuildFile; fileRef = F1C006761A6E137900E264EC /* throwButton.png */; };
		F1C0067B1A6E152C00E264EC /* GEAGingerBreadMan.m in Sources */ = {isa = PBXBuildFile; fileRef = F1C0067A1A6E152C00E264EC /* GEAGingerBreadMan.m */; };
		F1C0067E1A772A8F00E264EC /* muffin.png in Resources */ = {isa = PBXBuildFile; fileRef = F1C0067C1A772A8F00E264EC /* muffin.png */; };
		F1C0068B1A79D42000E264EC /* GEAMuffinStackNode.m in Sources */ = {isa = PBXBuildFile; fileRef = F1C0068A1A79D42000E264EC /* GEAMuffinStackNode.m */; };
		F1C006901A79D7A300E264EC /* GEAHoleNode.m in Sources */ = {isa = PBXBuildFile; fileRef = F1C0068D1A79D7A300E264EC /* GEAHoleNode.m */; };
		F1C006911A79D7A300E264EC /* GEARandomizablePositionNode.m in Sources */ = {isa = PBXBuildFile; fileRef = F1C0068F1A79D7A300E264EC /* GEARandomizablePositionNode.m */; };
		F1C006941A79DCA000E264EC /* GEADoorNode.m in Sources */ = {isa = PBXBuildFile; fileRef = F1C006931A79DCA000E264EC /* GEADoorNode.m */; };
		F1C006A51A869CBA00E264EC /* muffinStack1.png in Resources */ = {isa = PBXBuildFile; fileRef = F1C006951A869CBA00E264EC /* muffinStack1.png */; };
		F1C006A61A869CBA00E264EC /* muffinStack2.png in Resources */ = {isa = PBXBuildFile; fileRef = F1C006971A869CBA00E264EC /* muffinStack2.png */; };
		F1C006A71A869CBA00E264EC /* muffinStack3.png in Resources */ = {isa = PBXBuildFile; fileRef = F1C006991A869CBA00E264EC /* muffinStack3.png */; };
		F1C006A81A869CBA00E264EC /* muffinStack4.png in Resources */ = {isa = PBXBuildFile; fileRef = F1C0069B1A869CBA00E264EC /* muffinStack4.png */; };
		F1C006A91A869CBA00E264EC /* muffinStack5.png in Resources */ = {isa = PBXBuildFile; fileRef = F1C0069D1A869CBA00E264EC /* muffinStack5.png */; };
		F1C006AA1A869CBA00E264EC /* muffinStack6.png in Resources */ = {isa = PBXBuildFile; fileRef = F1C0069F1A869CBA00E264EC /* muffinStack6.png */; };
		F1C006AB1A869CBA00E264EC /* muffinStack7.png in Resources */ = {isa = PBXBuildFile; fileRef = F1C006A11A869CBA00E264EC /* muffinStack7.png */; };
		F1C006AC1A869CBA00E264EC /* muffinStack8.png in Resources */ = {isa = PBXBuildFile; fileRef = F1C006A31A869CBA00E264EC /* muffinStack8.png */; };
		F1C006B01A86BF0900E264EC /* GEAMuffinNode.m in Sources */ = {isa = PBXBuildFile; fileRef = F1C006AF1A86BF0900E264EC /* GEAMuffinNode.m */; };
		F1C006B71A89A6E500E264EC /* muffinMan.png in Resources */ = {isa = PBXBuildFile; fileRef = F1C006B51A89A6E500E264EC /* muffinMan.png */; };
		F1C006BA1A89ADE900E264EC /* GEAMuffinMan.m in Sources */ = {isa = PBXBuildFile; fileRef = F1C006B91A89ADE900E264EC /* GEAMuffinMan.m */; };
		F1C006BE1A8AF0C500E264EC /* GEAPointMath.m in Sources */ = {isa = PBXBuildFile; fileRef = F1C006BD1A8AF0C500E264EC /* GEAPointMath.m */; };
		F1C006C21A8B087300E264EC /* GEAConstants.m in Sources */ = {isa = PBXBuildFile; fileRef = F1C006C11A8B087300E264EC /* GEAConstants.m */; };
		F1C006C61A91936C00E264EC /* GEAStartMenuScene.m in Sources */ = {isa = PBXBuildFile; fileRef = F1C006C51A91936C00E264EC /* GEAStartMenuScene.m */; };
		F1C006CD1A91977100E264EC /* settingsButton.png in Resources */ = {isa = PBXBuildFile; fileRef = F1C006C91A91977100E264EC /* settingsButton.png */; };
		F1C006CE1A91977100E264EC /* startButton.png in Resources */ = {isa = PBXBuildFile; fileRef = F1C006CB1A91977100E264EC /* startButton.png */; };
		F1C006D11A919E4E00E264EC /* highScoresButton.png in Resources */ = {isa = PBXBuildFile; fileRef = F1C006CF1A919E4E00E264EC /* highScoresButton.png */; };
		F1C006D41A91A72000E264EC /* GEASettingsScene.m in Sources */ = {isa = PBXBuildFile; fileRef = F1C006D31A91A72000E264EC /* GEASettingsScene.m */; };
		F1C006D71A91A74900E264EC /* GEAHighScoreScene.m in Sources */ = {isa = PBXBuildFile; fileRef = F1C006D61A91A74900E264EC /* GEAHighScoreScene.m */; };
		F1C1EB061AE3013F002A9C37 /* iAd.framework in Frameworks */ = {isa = PBXBuildFile; fileRef = F1C1EB051AE3013E002A9C37 /* iAd.framework */; };
		F1C1EB081AE42066002A9C37 /* Social.framework in Frameworks */ = {isa = PBXBuildFile; fileRef = F1C1EB071AE42066002A9C37 /* Social.framework */; };
		F1C1EB0D1AE423B4002A9C37 /* shareToFb.png in Resources */ = {isa = PBXBuildFile; fileRef = F1C1EB091AE423B4002A9C37 /* shareToFb.png */; };
		F1C1EB0E1AE423B4002A9C37 /* shareToTwitter.png in Resources */ = {isa = PBXBuildFile; fileRef = F1C1EB0B1AE423B4002A9C37 /* shareToTwitter.png */; };
		F1DA05511B408A3100826E19 /* Appirater.m in Sources */ = {isa = PBXBuildFile; fileRef = F1DA05501B408A3100826E19 /* Appirater.m */; };
		F1DA05541B44D7D400826E19 /* bye.wav in Resources */ = {isa = PBXBuildFile; fileRef = F1DA05531B44D7D400826E19 /* bye.wav */; };
		F1DC18161AF06D400078F21D /* Icon-29.png in Resources */ = {isa = PBXBuildFile; fileRef = F1DC180A1AF06D400078F21D /* Icon-29.png */; };
		F1DC18171AF06D400078F21D /* Icon-29@2x.png in Resources */ = {isa = PBXBuildFile; fileRef = F1DC180B1AF06D400078F21D /* Icon-29@2x.png */; };
		F1DC18181AF06D400078F21D /* Icon-29@3x.png in Resources */ = {isa = PBXBuildFile; fileRef = F1DC180C1AF06D400078F21D /* Icon-29@3x.png */; };
		F1DC18191AF06D400078F21D /* Icon-40.png in Resources */ = {isa = PBXBuildFile; fileRef = F1DC180D1AF06D400078F21D /* Icon-40.png */; };
		F1DC181A1AF06D400078F21D /* Icon-40@2x.png in Resources */ = {isa = PBXBuildFile; fileRef = F1DC180E1AF06D400078F21D /* Icon-40@2x.png */; };
		F1DC181B1AF06D400078F21D /* Icon-40@3x.png in Resources */ = {isa = PBXBuildFile; fileRef = F1DC180F1AF06D400078F21D /* Icon-40@3x.png */; };
		F1DC181C1AF06D400078F21D /* Icon-60@2x.png in Resources */ = {isa = PBXBuildFile; fileRef = F1DC18101AF06D400078F21D /* Icon-60@2x.png */; };
		F1DC181D1AF06D400078F21D /* Icon-60@3x.png in Resources */ = {isa = PBXBuildFile; fileRef = F1DC18111AF06D400078F21D /* Icon-60@3x.png */; };
		F1DC181E1AF06D400078F21D /* Icon-76.png in Resources */ = {isa = PBXBuildFile; fileRef = F1DC18121AF06D400078F21D /* Icon-76.png */; };
		F1DC181F1AF06D400078F21D /* Icon-76@2x.png in Resources */ = {isa = PBXBuildFile; fileRef = F1DC18131AF06D400078F21D /* Icon-76@2x.png */; };
		F1DC18201AF06D400078F21D /* iTunesArtwork@2x.jpg in Resources */ = {isa = PBXBuildFile; fileRef = F1DC18141AF06D400078F21D /* iTunesArtwork@2x.jpg */; };
		F1DC18211AF06D400078F21D /* iTunesArtwork@2x.png in Resources */ = {isa = PBXBuildFile; fileRef = F1DC18151AF06D400078F21D /* iTunesArtwork@2x.png */; };
		F1E2752B1AE87D46000B7073 /* GameKit.framework in Frameworks */ = {isa = PBXBuildFile; fileRef = F1E2752A1AE87D46000B7073 /* GameKit.framework */; };
		F1E275341AE88856000B7073 /* dontPostToLeaderboard.png in Resources */ = {isa = PBXBuildFile; fileRef = F1E2752C1AE88856000B7073 /* dontPostToLeaderboard.png */; };
		F1E275351AE88856000B7073 /* dontPostToLeaderboardSelected.png in Resources */ = {isa = PBXBuildFile; fileRef = F1E2752E1AE88856000B7073 /* dontPostToLeaderboardSelected.png */; };
		F1E275361AE88856000B7073 /* postToLeaderboard.png in Resources */ = {isa = PBXBuildFile; fileRef = F1E275301AE88856000B7073 /* postToLeaderboard.png */; };
		F1E275371AE88856000B7073 /* postToLeaderboardSelected.png in Resources */ = {isa = PBXBuildFile; fileRef = F1E275321AE88856000B7073 /* postToLeaderboardSelected.png */; };
/* End PBXBuildFile section */

/* Begin PBXContainerItemProxy section */
		F12BA5AE19F6040F00C6B1FF /* PBXContainerItemProxy */ = {
			isa = PBXContainerItemProxy;
			containerPortal = F12BA57919F6040E00C6B1FF /* Project object */;
			proxyType = 1;
			remoteGlobalIDString = F12BA58019F6040F00C6B1FF;
			remoteInfo = "Pie Fight";
		};
/* End PBXContainerItemProxy section */

/* Begin PBXFileReference section */
		F114BFCA1AB632E900CBC1D5 /* copperMedal.png */ = {isa = PBXFileReference; lastKnownFileType = image.png; name = copperMedal.png; path = en.lproj/medalImages/copperMedal.png; sourceTree = "<group>"; };
		F114BFCB1AB632E900CBC1D5 /* emeraldMedal.png */ = {isa = PBXFileReference; lastKnownFileType = image.png; name = emeraldMedal.png; path = en.lproj/medalImages/emeraldMedal.png; sourceTree = "<group>"; };
		F114BFCC1AB632E900CBC1D5 /* goldMedal.png */ = {isa = PBXFileReference; lastKnownFileType = image.png; name = goldMedal.png; path = en.lproj/medalImages/goldMedal.png; sourceTree = "<group>"; };
		F114BFCD1AB632E900CBC1D5 /* platinumMedal.png */ = {isa = PBXFileReference; lastKnownFileType = image.png; name = platinumMedal.png; path = en.lproj/medalImages/platinumMedal.png; sourceTree = "<group>"; };
		F114BFCE1AB632E900CBC1D5 /* rainbowMedal.png */ = {isa = PBXFileReference; lastKnownFileType = image.png; name = rainbowMedal.png; path = en.lproj/medalImages/rainbowMedal.png; sourceTree = "<group>"; };
		F114BFCF1AB632E900CBC1D5 /* rubyMedal.png */ = {isa = PBXFileReference; lastKnownFileType = image.png; name = rubyMedal.png; path = en.lproj/medalImages/rubyMedal.png; sourceTree = "<group>"; };
		F114BFD01AB632E900CBC1D5 /* sapphireMedal.png */ = {isa = PBXFileReference; lastKnownFileType = image.png; name = sapphireMedal.png; path = en.lproj/medalImages/sapphireMedal.png; sourceTree = "<group>"; };
		F114BFD11AB632E900CBC1D5 /* silverMedal.png */ = {isa = PBXFileReference; lastKnownFileType = image.png; name = silverMedal.png; path = en.lproj/medalImages/silverMedal.png; sourceTree = "<group>"; };
		F12BA58119F6040F00C6B1FF /* Escape From Drury Lane.app */ = {isa = PBXFileReference; explicitFileType = wrapper.application; includeInIndex = 0; path = "Escape From Drury Lane.app"; sourceTree = BUILT_PRODUCTS_DIR; };
		F12BA58419F6040F00C6B1FF /* Foundation.framework */ = {isa = PBXFileReference; lastKnownFileType = wrapper.framework; name = Foundation.framework; path = System/Library/Frameworks/Foundation.framework; sourceTree = SDKROOT; };
		F12BA58619F6040F00C6B1FF /* CoreGraphics.framework */ = {isa = PBXFileReference; lastKnownFileType = wrapper.framework; name = CoreGraphics.framework; path = System/Library/Frameworks/CoreGraphics.framework; sourceTree = SDKROOT; };
		F12BA58819F6040F00C6B1FF /* UIKit.framework */ = {isa = PBXFileReference; lastKnownFileType = wrapper.framework; name = UIKit.framework; path = System/Library/Frameworks/UIKit.framework; sourceTree = SDKROOT; };
		F12BA58A19F6040F00C6B1FF /* SpriteKit.framework */ = {isa = PBXFileReference; lastKnownFileType = wrapper.framework; name = SpriteKit.framework; path = System/Library/Frameworks/SpriteKit.framework; sourceTree = SDKROOT; };
		F12BA58E19F6040F00C6B1FF /* Escape From Drury Lane-Info.plist */ = {isa = PBXFileReference; lastKnownFileType = text.plist.xml; path = "Escape From Drury Lane-Info.plist"; sourceTree = "<group>"; };
		F12BA59019F6040F00C6B1FF /* en */ = {isa = PBXFileReference; lastKnownFileType = text.plist.strings; name = en; path = en.lproj/InfoPlist.strings; sourceTree = "<group>"; };
		F12BA59219F6040F00C6B1FF /* main.m */ = {isa = PBXFileReference; lastKnownFileType = sourcecode.c.objc; path = main.m; sourceTree = "<group>"; };
		F12BA59419F6040F00C6B1FF /* Escape From Drury Lane-Prefix.pch */ = {isa = PBXFileReference; lastKnownFileType = sourcecode.c.h; path = "Escape From Drury Lane-Prefix.pch"; sourceTree = "<group>"; };
		F12BA59519F6040F00C6B1FF /* GEAAppDelegate.h */ = {isa = PBXFileReference; lastKnownFileType = sourcecode.c.h; path = GEAAppDelegate.h; sourceTree = "<group>"; };
		F12BA59619F6040F00C6B1FF /* GEAAppDelegate.m */ = {isa = PBXFileReference; lastKnownFileType = sourcecode.c.objc; path = GEAAppDelegate.m; sourceTree = "<group>"; };
		F12BA59919F6040F00C6B1FF /* Base */ = {isa = PBXFileReference; lastKnownFileType = file.storyboard; name = Base; path = Base.lproj/Main.storyboard; sourceTree = "<group>"; };
		F12BA59B19F6040F00C6B1FF /* GEAViewController.h */ = {isa = PBXFileReference; lastKnownFileType = sourcecode.c.h; path = GEAViewController.h; sourceTree = "<group>"; };
		F12BA59C19F6040F00C6B1FF /* GEAViewController.m */ = {isa = PBXFileReference; lastKnownFileType = sourcecode.c.objc; path = GEAViewController.m; sourceTree = "<group>"; };
		F12BA59E19F6040F00C6B1FF /* GEAGameScene.h */ = {isa = PBXFileReference; lastKnownFileType = sourcecode.c.h; path = GEAGameScene.h; sourceTree = "<group>"; };
		F12BA59F19F6040F00C6B1FF /* GEAGameScene.m */ = {isa = PBXFileReference; lastKnownFileType = sourcecode.c.objc; path = GEAGameScene.m; sourceTree = "<group>"; };
		F12BA5A319F6040F00C6B1FF /* Images.xcassets */ = {isa = PBXFileReference; lastKnownFileType = folder.assetcatalog; path = Images.xcassets; sourceTree = "<group>"; };
		F12BA5A919F6040F00C6B1FF /* Escape From Drury LaneTests.xctest */ = {isa = PBXFileReference; explicitFileType = wrapper.cfbundle; includeInIndex = 0; path = "Escape From Drury LaneTests.xctest"; sourceTree = BUILT_PRODUCTS_DIR; };
		F12BA5AA19F6040F00C6B1FF /* XCTest.framework */ = {isa = PBXFileReference; lastKnownFileType = wrapper.framework; name = XCTest.framework; path = Library/Frameworks/XCTest.framework; sourceTree = DEVELOPER_DIR; };
		F12BA5B219F6040F00C6B1FF /* Escape From Drury LaneTests-Info.plist */ = {isa = PBXFileReference; lastKnownFileType = text.plist.xml; path = "Escape From Drury LaneTests-Info.plist"; sourceTree = "<group>"; };
		F12BA5B419F6040F00C6B1FF /* en */ = {isa = PBXFileReference; lastKnownFileType = text.plist.strings; name = en; path = en.lproj/InfoPlist.strings; sourceTree = "<group>"; };
		F12BA5B619F6040F00C6B1FF /* Pie_FightTests.m */ = {isa = PBXFileReference; lastKnownFileType = sourcecode.c.objc; path = Pie_FightTests.m; sourceTree = "<group>"; };
		F139B1EA1AB6542C003E3E1C /* en */ = {isa = PBXFileReference; lastKnownFileType = image.png; name = en; path = en.lproj/finalScoreBackGround.png; sourceTree = "<group>"; };
		F139B1EC1AB658D9003E3E1C /* noMedal.png */ = {isa = PBXFileReference; lastKnownFileType = image.png; name = noMedal.png; path = en.lproj/medalImages/noMedal.png; sourceTree = "<group>"; };
		F14825711A9C1180006EDFE3 /* en */ = {isa = PBXFileReference; lastKnownFileType = image.png; name = en; path = en.lproj/retryButton.png; sourceTree = "<group>"; };
		F14825771A9D61C7006EDFE3 /* en */ = {isa = PBXFileReference; lastKnownFileType = image.png; name = en; path = en.lproj/gingerBreadManWithMuffin.png; sourceTree = "<group>"; };
		F148257A1A9D77C0006EDFE3 /* Icon-29.png */ = {isa = PBXFileReference; lastKnownFileType = image.png; name = "Icon-29.png"; path = "Icon Pics/Icon-29.png"; sourceTree = "<group>"; };
		F148257B1A9D77C0006EDFE3 /* Icon-29@2x.png */ = {isa = PBXFileReference; lastKnownFileType = image.png; name = "Icon-29@2x.png"; path = "Icon Pics/Icon-29@2x.png"; sourceTree = "<group>"; };
		F148257C1A9D77C0006EDFE3 /* Icon-29@3x.png */ = {isa = PBXFileReference; lastKnownFileType = image.png; name = "Icon-29@3x.png"; path = "Icon Pics/Icon-29@3x.png"; sourceTree = "<group>"; };
		F148257D1A9D77C0006EDFE3 /* Icon-40.png */ = {isa = PBXFileReference; lastKnownFileType = image.png; name = "Icon-40.png"; path = "Icon Pics/Icon-40.png"; sourceTree = "<group>"; };
		F148257E1A9D77C0006EDFE3 /* Icon-40@2x.png */ = {isa = PBXFileReference; lastKnownFileType = image.png; name = "Icon-40@2x.png"; path = "Icon Pics/Icon-40@2x.png"; sourceTree = "<group>"; };
		F148257F1A9D77C0006EDFE3 /* Icon-40@3x.png */ = {isa = PBXFileReference; lastKnownFileType = image.png; name = "Icon-40@3x.png"; path = "Icon Pics/Icon-40@3x.png"; sourceTree = "<group>"; };
		F14825801A9D77C0006EDFE3 /* Icon-60@2x.png */ = {isa = PBXFileReference; lastKnownFileType = image.png; name = "Icon-60@2x.png"; path = "Icon Pics/Icon-60@2x.png"; sourceTree = "<group>"; };
		F14825811A9D77C0006EDFE3 /* Icon-60@3x.png */ = {isa = PBXFileReference; lastKnownFileType = image.png; name = "Icon-60@3x.png"; path = "Icon Pics/Icon-60@3x.png"; sourceTree = "<group>"; };
		F14825821A9D77C0006EDFE3 /* Icon-76.png */ = {isa = PBXFileReference; lastKnownFileType = image.png; name = "Icon-76.png"; path = "Icon Pics/Icon-76.png"; sourceTree = "<group>"; };
		F14825831A9D77C0006EDFE3 /* Icon-76@2x.png */ = {isa = PBXFileReference; lastKnownFileType = image.png; name = "Icon-76@2x.png"; path = "Icon Pics/Icon-76@2x.png"; sourceTree = "<group>"; };
		F14825841A9D77C0006EDFE3 /* iTunesArtwork@2x.png */ = {isa = PBXFileReference; lastKnownFileType = image.png; name = "iTunesArtwork@2x.png"; path = "Icon Pics/iTunesArtwork@2x.png"; sourceTree = "<group>"; };
		F14825941AA221B6006EDFE3 /* en */ = {isa = PBXFileReference; lastKnownFileType = image.png; name = en; path = en.lproj/backButton.png; sourceTree = "<group>"; };
		F14825961AA240AE006EDFE3 /* GEAButtonEnabledScene.h */ = {isa = PBXFileReference; fileEncoding = 4; lastKnownFileType = sourcecode.c.h; path = GEAButtonEnabledScene.h; sourceTree = "<group>"; };
		F14825971AA240AE006EDFE3 /* GEAButtonEnabledScene.m */ = {isa = PBXFileReference; fileEncoding = 4; lastKnownFileType = sourcecode.c.objc; path = GEAButtonEnabledScene.m; sourceTree = "<group>"; };
		F148259A1AA24511006EDFE3 /* en */ = {isa = PBXFileReference; lastKnownFileType = image.png; name = en; path = en.lproj/leftHandedButton.png; sourceTree = "<group>"; };
		F148259C1AA24511006EDFE3 /* en */ = {isa = PBXFileReference; lastKnownFileType = image.png; name = en; path = en.lproj/rightHandedButton.png; sourceTree = "<group>"; };
		F14825A01AA24649006EDFE3 /* en */ = {isa = PBXFileReference; lastKnownFileType = image.png; name = en; path = en.lproj/leftHandedSelectedButton.png; sourceTree = "<group>"; };
		F14825A21AA24649006EDFE3 /* en */ = {isa = PBXFileReference; lastKnownFileType = image.png; name = en; path = en.lproj/rightHandedSelectedButton.png; sourceTree = "<group>"; };
		F14825DE1AA935A2006EDFE3 /* en */ = {isa = PBXFileReference; lastKnownFileType = folder.skatlas; name = en; path = en.lproj/gingerBreadMen.atlas; sourceTree = "<group>"; };
		F14825E41AAA43A9006EDFE3 /* en */ = {isa = PBXFileReference; lastKnownFileType = image.png; name = en; path = en.lproj/frame10.png; sourceTree = "<group>"; };
		F14825E71AABC571006EDFE3 /* en */ = {isa = PBXFileReference; lastKnownFileType = folder.skatlas; name = en; path = en.lproj/muffinMen.atlas; sourceTree = "<group>"; };
		F14825EA1AACCCF1006EDFE3 /* en */ = {isa = PBXFileReference; lastKnownFileType = folder.skatlas; name = en; path = en.lproj/deathAnimation.atlas; sourceTree = "<group>"; };
		F14825ED1AACE167006EDFE3 /* en */ = {isa = PBXFileReference; lastKnownFileType = folder.skatlas; name = en; path = en.lproj/enterDoor.atlas; sourceTree = "<group>"; };
		F14825F01AACF137006EDFE3 /* en */ = {isa = PBXFileReference; lastKnownFileType = image.png; name = en; path = en.lproj/nextLevelButton.png; sourceTree = "<group>"; };
		F14825F61AAFD8C3006EDFE3 /* en */ = {isa = PBXFileReference; lastKnownFileType = folder.skatlas; name = en; path = en.lproj/holeOpening.atlas; sourceTree = "<group>"; };
		F16F7A1D1AED63CC004FAD39 /* buttonPress.wav */ = {isa = PBXFileReference; lastKnownFileType = audio.wav; name = buttonPress.wav; path = en.lproj/soundsFX/buttonPress.wav; sourceTree = "<group>"; };
		F16F7A1E1AED63CC004FAD39 /* muffinThrow.wav */ = {isa = PBXFileReference; lastKnownFileType = audio.wav; name = muffinThrow.wav; path = en.lproj/soundsFX/muffinThrow.wav; sourceTree = "<group>"; };
		F16F7A211AED66DF004FAD39 /* AVFoundation.framework */ = {isa = PBXFileReference; lastKnownFileType = wrapper.framework; name = AVFoundation.framework; path = System/Library/Frameworks/AVFoundation.framework; sourceTree = SDKROOT; };
		F16F7A291AED6E93004FAD39 /* titleMusic.caf */ = {isa = PBXFileReference; lastKnownFileType = file; name = titleMusic.caf; path = en.lproj/soundsFX/titleMusic.caf; sourceTree = "<group>"; };
		F16F7A2C1AED7E05004FAD39 /* en */ = {isa = PBXFileReference; lastKnownFileType = image.png; name = en; path = en.lproj/musicOffButton.png; sourceTree = "<group>"; };
		F16F7A2E1AED7E05004FAD39 /* en */ = {isa = PBXFileReference; lastKnownFileType = image.png; name = en; path = en.lproj/musicOffSelectedButton.png; sourceTree = "<group>"; };
		F16F7A301AED7E05004FAD39 /* en */ = {isa = PBXFileReference; lastKnownFileType = image.png; name = en; path = en.lproj/musicOnButton.png; sourceTree = "<group>"; };
		F16F7A321AED7E05004FAD39 /* en */ = {isa = PBXFileReference; lastKnownFileType = image.png; name = en; path = en.lproj/musicOnSelectedButton.png; sourceTree = "<group>"; };
		F16F7A371AED8D44004FAD39 /* gameMusic.wav */ = {isa = PBXFileReference; lastKnownFileType = audio.wav; name = gameMusic.wav; path = en.lproj/soundsFX/gameMusic.wav; sourceTree = "<group>"; };
		F16F7A381AED8D44004FAD39 /* bite.wav */ = {isa = PBXFileReference; lastKnownFileType = audio.wav; name = bite.wav; path = en.lproj/soundsFX/bite.wav; sourceTree = "<group>"; };
		F16F7A3B1AED8F3B004FAD39 /* muffinImpact.wav */ = {isa = PBXFileReference; lastKnownFileType = audio.wav; name = muffinImpact.wav; path = en.lproj/soundsFX/muffinImpact.wav; sourceTree = "<group>"; };
		F16F7A3D1AEF1630004FAD39 /* launchImage@1x.png */ = {isa = PBXFileReference; lastKnownFileType = image.png; name = "launchImage@1x.png"; path = "Icon Pics/launchImage@1x.png"; sourceTree = "<group>"; };
		F16F7A3E1AEF1630004FAD39 /* launchImage@2x.png */ = {isa = PBXFileReference; lastKnownFileType = image.png; name = "launchImage@2x.png"; path = "Icon Pics/launchImage@2x.png"; sourceTree = "<group>"; };
		F16F7A411AEF1715004FAD39 /* launchImageHD.png */ = {isa = PBXFileReference; lastKnownFileType = image.png; name = launchImageHD.png; path = "Icon Pics/launchImageHD.png"; sourceTree = "<group>"; };
		F1BC7A501AB1329A00824AC7 /* en */ = {isa = PBXFileReference; lastKnownFileType = folder.skatlas; name = en; path = en.lproj/holeSpawn.atlas; sourceTree = "<group>"; };
		F1C0065B1A61F29800E264EC /* en */ = {isa = PBXFileReference; lastKnownFileType = image.png; name = en; path = en.lproj/door.png; sourceTree = "<group>"; };
		F1C006611A61F70F00E264EC /* en */ = {isa = PBXFileReference; lastKnownFileType = image.png; name = en; path = "Pie Fight/en.lproj/closedhole.png"; sourceTree = "<group>"; };
		F1C006641A61F7FE00E264EC /* en */ = {isa = PBXFileReference; lastKnownFileType = image.png; name = en; path = "Pie Fight/en.lproj/openhole.png"; sourceTree = "<group>"; };
		F1C006661A63656000E264EC /* GEAJoyStick.h */ = {isa = PBXFileReference; fileEncoding = 4; lastKnownFileType = sourcecode.c.h; path = GEAJoyStick.h; sourceTree = "<group>"; };
		F1C006671A63656000E264EC /* GEAJoyStick.m */ = {isa = PBXFileReference; fileEncoding = 4; lastKnownFileType = sourcecode.c.objc; path = GEAJoyStick.m; sourceTree = "<group>"; };
		F1C0066A1A63726A00E264EC /* en */ = {isa = PBXFileReference; lastKnownFileType = image.png; name = en; path = en.lproj/baseCenter.png; sourceTree = "<group>"; };
		F1C0066C1A63726A00E264EC /* en */ = {isa = PBXFileReference; lastKnownFileType = image.png; name = en; path = en.lproj/centerJoystick.png; sourceTree = "<group>"; };
		F1C0066F1A638FDD00E264EC /* GEAButton.h */ = {isa = PBXFileReference; fileEncoding = 4; lastKnownFileType = sourcecode.c.h; path = GEAButton.h; sourceTree = "<group>"; };
		F1C006701A638FDD00E264EC /* GEAButton.m */ = {isa = PBXFileReference; fileEncoding = 4; lastKnownFileType = sourcecode.c.objc; path = GEAButton.m; sourceTree = "<group>"; };
		F1C006731A6E11CA00E264EC /* en */ = {isa = PBXFileReference; lastKnownFileType = image.png; name = en; path = en.lproj/gingerBreadMan.png; sourceTree = "<group>"; };
		F1C006771A6E137900E264EC /* en */ = {isa = PBXFileReference; lastKnownFileType = image.png; name = en; path = en.lproj/throwButton.png; sourceTree = "<group>"; };
		F1C006791A6E152C00E264EC /* GEAGingerBreadMan.h */ = {isa = PBXFileReference; fileEncoding = 4; lastKnownFileType = sourcecode.c.h; path = GEAGingerBreadMan.h; sourceTree = "<group>"; };
		F1C0067A1A6E152C00E264EC /* GEAGingerBreadMan.m */ = {isa = PBXFileReference; fileEncoding = 4; lastKnownFileType = sourcecode.c.objc; path = GEAGingerBreadMan.m; sourceTree = "<group>"; };
		F1C0067D1A772A8F00E264EC /* en */ = {isa = PBXFileReference; lastKnownFileType = image.png; name = en; path = en.lproj/muffin.png; sourceTree = "<group>"; };
		F1C006891A79D42000E264EC /* GEAMuffinStackNode.h */ = {isa = PBXFileReference; fileEncoding = 4; lastKnownFileType = sourcecode.c.h; path = GEAMuffinStackNode.h; sourceTree = "<group>"; };
		F1C0068A1A79D42000E264EC /* GEAMuffinStackNode.m */ = {isa = PBXFileReference; fileEncoding = 4; lastKnownFileType = sourcecode.c.objc; path = GEAMuffinStackNode.m; sourceTree = "<group>"; };
		F1C0068C1A79D7A300E264EC /* GEAHoleNode.h */ = {isa = PBXFileReference; fileEncoding = 4; lastKnownFileType = sourcecode.c.h; path = GEAHoleNode.h; sourceTree = "<group>"; };
		F1C0068D1A79D7A300E264EC /* GEAHoleNode.m */ = {isa = PBXFileReference; fileEncoding = 4; lastKnownFileType = sourcecode.c.objc; path = GEAHoleNode.m; sourceTree = "<group>"; };
		F1C0068E1A79D7A300E264EC /* GEARandomizablePositionNode.h */ = {isa = PBXFileReference; fileEncoding = 4; lastKnownFileType = sourcecode.c.h; path = GEARandomizablePositionNode.h; sourceTree = "<group>"; };
		F1C0068F1A79D7A300E264EC /* GEARandomizablePositionNode.m */ = {isa = PBXFileReference; fileEncoding = 4; lastKnownFileType = sourcecode.c.objc; path = GEARandomizablePositionNode.m; sourceTree = "<group>"; };
		F1C006921A79DCA000E264EC /* GEADoorNode.h */ = {isa = PBXFileReference; fileEncoding = 4; lastKnownFileType = sourcecode.c.h; path = GEADoorNode.h; sourceTree = "<group>"; };
		F1C006931A79DCA000E264EC /* GEADoorNode.m */ = {isa = PBXFileReference; fileEncoding = 4; lastKnownFileType = sourcecode.c.objc; path = GEADoorNode.m; sourceTree = "<group>"; };
		F1C006961A869CBA00E264EC /* en */ = {isa = PBXFileReference; lastKnownFileType = image.png; name = en; path = en.lproj/muffinStack1.png; sourceTree = "<group>"; };
		F1C006981A869CBA00E264EC /* en */ = {isa = PBXFileReference; lastKnownFileType = image.png; name = en; path = en.lproj/muffinStack2.png; sourceTree = "<group>"; };
		F1C0069A1A869CBA00E264EC /* en */ = {isa = PBXFileReference; lastKnownFileType = image.png; name = en; path = en.lproj/muffinStack3.png; sourceTree = "<group>"; };
		F1C0069C1A869CBA00E264EC /* en */ = {isa = PBXFileReference; lastKnownFileType = image.png; name = en; path = en.lproj/muffinStack4.png; sourceTree = "<group>"; };
		F1C0069E1A869CBA00E264EC /* en */ = {isa = PBXFileReference; lastKnownFileType = image.png; name = en; path = en.lproj/muffinStack5.png; sourceTree = "<group>"; };
		F1C006A01A869CBA00E264EC /* en */ = {isa = PBXFileReference; lastKnownFileType = image.png; name = en; path = en.lproj/muffinStack6.png; sourceTree = "<group>"; };
		F1C006A21A869CBA00E264EC /* en */ = {isa = PBXFileReference; lastKnownFileType = image.png; name = en; path = en.lproj/muffinStack7.png; sourceTree = "<group>"; };
		F1C006A41A869CBA00E264EC /* en */ = {isa = PBXFileReference; lastKnownFileType = image.png; name = en; path = en.lproj/muffinStack8.png; sourceTree = "<group>"; };
		F1C006AE1A86BF0900E264EC /* GEAMuffinNode.h */ = {isa = PBXFileReference; fileEncoding = 4; lastKnownFileType = sourcecode.c.h; path = GEAMuffinNode.h; sourceTree = "<group>"; };
		F1C006AF1A86BF0900E264EC /* GEAMuffinNode.m */ = {isa = PBXFileReference; fileEncoding = 4; lastKnownFileType = sourcecode.c.objc; path = GEAMuffinNode.m; sourceTree = "<group>"; };
		F1C006B61A89A6E500E264EC /* en */ = {isa = PBXFileReference; lastKnownFileType = image.png; name = en; path = en.lproj/muffinMan.png; sourceTree = "<group>"; };
		F1C006B81A89ADE900E264EC /* GEAMuffinMan.h */ = {isa = PBXFileReference; fileEncoding = 4; lastKnownFileType = sourcecode.c.h; path = GEAMuffinMan.h; sourceTree = "<group>"; };
		F1C006B91A89ADE900E264EC /* GEAMuffinMan.m */ = {isa = PBXFileReference; fileEncoding = 4; lastKnownFileType = sourcecode.c.objc; path = GEAMuffinMan.m; sourceTree = "<group>"; };
		F1C006BC1A8AF0C500E264EC /* GEAPointMath.h */ = {isa = PBXFileReference; fileEncoding = 4; lastKnownFileType = sourcecode.c.h; path = GEAPointMath.h; sourceTree = "<group>"; };
		F1C006BD1A8AF0C500E264EC /* GEAPointMath.m */ = {isa = PBXFileReference; fileEncoding = 4; lastKnownFileType = sourcecode.c.objc; path = GEAPointMath.m; sourceTree = "<group>"; };
		F1C006C01A8B087300E264EC /* GEAConstants.h */ = {isa = PBXFileReference; fileEncoding = 4; lastKnownFileType = sourcecode.c.h; path = GEAConstants.h; sourceTree = "<group>"; };
		F1C006C11A8B087300E264EC /* GEAConstants.m */ = {isa = PBXFileReference; fileEncoding = 4; lastKnownFileType = sourcecode.c.objc; path = GEAConstants.m; sourceTree = "<group>"; };
		F1C006C41A91936C00E264EC /* GEAStartMenuScene.h */ = {isa = PBXFileReference; fileEncoding = 4; lastKnownFileType = sourcecode.c.h; path = GEAStartMenuScene.h; sourceTree = "<group>"; };
		F1C006C51A91936C00E264EC /* GEAStartMenuScene.m */ = {isa = PBXFileReference; fileEncoding = 4; lastKnownFileType = sourcecode.c.objc; path = GEAStartMenuScene.m; sourceTree = "<group>"; };
		F1C006CA1A91977100E264EC /* en */ = {isa = PBXFileReference; lastKnownFileType = image.png; name = en; path = en.lproj/settingsButton.png; sourceTree = "<group>"; };
		F1C006CC1A91977100E264EC /* en */ = {isa = PBXFileReference; lastKnownFileType = image.png; name = en; path = en.lproj/startButton.png; sourceTree = "<group>"; };
		F1C006D01A919E4E00E264EC /* en */ = {isa = PBXFileReference; lastKnownFileType = image.png; name = en; path = en.lproj/highScoresButton.png; sourceTree = "<group>"; };
		F1C006D21A91A72000E264EC /* GEASettingsScene.h */ = {isa = PBXFileReference; fileEncoding = 4; lastKnownFileType = sourcecode.c.h; path = GEASettingsScene.h; sourceTree = "<group>"; };
		F1C006D31A91A72000E264EC /* GEASettingsScene.m */ = {isa = PBXFileReference; fileEncoding = 4; lastKnownFileType = sourcecode.c.objc; path = GEASettingsScene.m; sourceTree = "<group>"; };
		F1C006D51A91A74900E264EC /* GEAHighScoreScene.h */ = {isa = PBXFileReference; fileEncoding = 4; lastKnownFileType = sourcecode.c.h; path = GEAHighScoreScene.h; sourceTree = "<group>"; };
		F1C006D61A91A74900E264EC /* GEAHighScoreScene.m */ = {isa = PBXFileReference; fileEncoding = 4; lastKnownFileType = sourcecode.c.objc; path = GEAHighScoreScene.m; sourceTree = "<group>"; };
		F1C1EB051AE3013E002A9C37 /* iAd.framework */ = {isa = PBXFileReference; lastKnownFileType = wrapper.framework; name = iAd.framework; path = System/Library/Frameworks/iAd.framework; sourceTree = SDKROOT; };
		F1C1EB071AE42066002A9C37 /* Social.framework */ = {isa = PBXFileReference; lastKnownFileType = wrapper.framework; name = Social.framework; path = System/Library/Frameworks/Social.framework; sourceTree = SDKROOT; };
		F1C1EB0A1AE423B4002A9C37 /* en */ = {isa = PBXFileReference; lastKnownFileType = image.png; name = en; path = en.lproj/shareToFb.png; sourceTree = "<group>"; };
		F1C1EB0C1AE423B4002A9C37 /* en */ = {isa = PBXFileReference; lastKnownFileType = image.png; name = en; path = en.lproj/shareToTwitter.png; sourceTree = "<group>"; };
		F1DA054F1B408A3100826E19 /* Appirater.h */ = {isa = PBXFileReference; fileEncoding = 4; lastKnownFileType = sourcecode.c.h; path = Appirater.h; sourceTree = "<group>"; };
		F1DA05501B408A3100826E19 /* Appirater.m */ = {isa = PBXFileReference; fileEncoding = 4; lastKnownFileType = sourcecode.c.objc; path = Appirater.m; sourceTree = "<group>"; };
		F1DA05521B408E4400826E19 /* AppiraterDelegate.h */ = {isa = PBXFileReference; fileEncoding = 4; lastKnownFileType = sourcecode.c.h; path = AppiraterDelegate.h; sourceTree = "<group>"; };
		F1DA05531B44D7D400826E19 /* bye.wav */ = {isa = PBXFileReference; lastKnownFileType = audio.wav; name = bye.wav; path = en.lproj/soundsFX/bye.wav; sourceTree = "<group>"; };
		F1DC180A1AF06D400078F21D /* Icon-29.png */ = {isa = PBXFileReference; lastKnownFileType = image.png; name = "Icon-29.png"; path = "icons-headshots/Icon-29.png"; sourceTree = SOURCE_ROOT; };
		F1DC180B1AF06D400078F21D /* Icon-29@2x.png */ = {isa = PBXFileReference; lastKnownFileType = image.png; name = "Icon-29@2x.png"; path = "icons-headshots/Icon-29@2x.png"; sourceTree = SOURCE_ROOT; };
		F1DC180C1AF06D400078F21D /* Icon-29@3x.png */ = {isa = PBXFileReference; lastKnownFileType = image.png; name = "Icon-29@3x.png"; path = "icons-headshots/Icon-29@3x.png"; sourceTree = SOURCE_ROOT; };
		F1DC180D1AF06D400078F21D /* Icon-40.png */ = {isa = PBXFileReference; lastKnownFileType = image.png; name = "Icon-40.png"; path = "icons-headshots/Icon-40.png"; sourceTree = SOURCE_ROOT; };
		F1DC180E1AF06D400078F21D /* Icon-40@2x.png */ = {isa = PBXFileReference; lastKnownFileType = image.png; name = "Icon-40@2x.png"; path = "icons-headshots/Icon-40@2x.png"; sourceTree = SOURCE_ROOT; };
		F1DC180F1AF06D400078F21D /* Icon-40@3x.png */ = {isa = PBXFileReference; lastKnownFileType = image.png; name = "Icon-40@3x.png"; path = "icons-headshots/Icon-40@3x.png"; sourceTree = SOURCE_ROOT; };
		F1DC18101AF06D400078F21D /* Icon-60@2x.png */ = {isa = PBXFileReference; lastKnownFileType = image.png; name = "Icon-60@2x.png"; path = "icons-headshots/Icon-60@2x.png"; sourceTree = SOURCE_ROOT; };
		F1DC18111AF06D400078F21D /* Icon-60@3x.png */ = {isa = PBXFileReference; lastKnownFileType = image.png; name = "Icon-60@3x.png"; path = "icons-headshots/Icon-60@3x.png"; sourceTree = SOURCE_ROOT; };
		F1DC18121AF06D400078F21D /* Icon-76.png */ = {isa = PBXFileReference; lastKnownFileType = image.png; name = "Icon-76.png"; path = "icons-headshots/Icon-76.png"; sourceTree = SOURCE_ROOT; };
		F1DC18131AF06D400078F21D /* Icon-76@2x.png */ = {isa = PBXFileReference; lastKnownFileType = image.png; name = "Icon-76@2x.png"; path = "icons-headshots/Icon-76@2x.png"; sourceTree = SOURCE_ROOT; };
		F1DC18141AF06D400078F21D /* iTunesArtwork@2x.jpg */ = {isa = PBXFileReference; lastKnownFileType = image.jpeg; name = "iTunesArtwork@2x.jpg"; path = "icons-headshots/iTunesArtwork@2x.jpg"; sourceTree = SOURCE_ROOT; };
		F1DC18151AF06D400078F21D /* iTunesArtwork@2x.png */ = {isa = PBXFileReference; lastKnownFileType = image.png; name = "iTunesArtwork@2x.png"; path = "icons-headshots/iTunesArtwork@2x.png"; sourceTree = SOURCE_ROOT; };
		F1E2752A1AE87D46000B7073 /* GameKit.framework */ = {isa = PBXFileReference; lastKnownFileType = wrapper.framework; name = GameKit.framework; path = System/Library/Frameworks/GameKit.framework; sourceTree = SDKROOT; };
		F1E2752D1AE88856000B7073 /* en */ = {isa = PBXFileReference; lastKnownFileType = image.png; name = en; path = en.lproj/dontPostToLeaderboard.png; sourceTree = "<group>"; };
		F1E2752F1AE88856000B7073 /* en */ = {isa = PBXFileReference; lastKnownFileType = image.png; name = en; path = en.lproj/dontPostToLeaderboardSelected.png; sourceTree = "<group>"; };
		F1E275311AE88856000B7073 /* en */ = {isa = PBXFileReference; lastKnownFileType = image.png; name = en; path = en.lproj/postToLeaderboard.png; sourceTree = "<group>"; };
		F1E275331AE88856000B7073 /* en */ = {isa = PBXFileReference; lastKnownFileType = image.png; name = en; path = en.lproj/postToLeaderboardSelected.png; sourceTree = "<group>"; };
/* End PBXFileReference section */

/* Begin PBXFrameworksBuildPhase section */
		F12BA57E19F6040F00C6B1FF /* Frameworks */ = {
			isa = PBXFrameworksBuildPhase;
			buildActionMask = 2147483647;
			files = (
				F1E2752B1AE87D46000B7073 /* GameKit.framework in Frameworks */,
				F1C1EB081AE42066002A9C37 /* Social.framework in Frameworks */,
				F1C1EB061AE3013F002A9C37 /* iAd.framework in Frameworks */,
				F12BA58719F6040F00C6B1FF /* CoreGraphics.framework in Frameworks */,
				F12BA58919F6040F00C6B1FF /* UIKit.framework in Frameworks */,
				F12BA58B19F6040F00C6B1FF /* SpriteKit.framework in Frameworks */,
				F12BA58519F6040F00C6B1FF /* Foundation.framework in Frameworks */,
			);
			runOnlyForDeploymentPostprocessing = 0;
		};
		F12BA5A619F6040F00C6B1FF /* Frameworks */ = {
			isa = PBXFrameworksBuildPhase;
			buildActionMask = 2147483647;
			files = (
				F12BA5AB19F6040F00C6B1FF /* XCTest.framework in Frameworks */,
				F12BA5AD19F6040F00C6B1FF /* UIKit.framework in Frameworks */,
				F12BA5AC19F6040F00C6B1FF /* Foundation.framework in Frameworks */,
			);
			runOnlyForDeploymentPostprocessing = 0;
		};
/* End PBXFrameworksBuildPhase section */

/* Begin PBXGroup section */
		F114BFC91AB632D500CBC1D5 /* medals */ = {
			isa = PBXGroup;
			children = (
				F139B1EC1AB658D9003E3E1C /* noMedal.png */,
				F114BFCA1AB632E900CBC1D5 /* copperMedal.png */,
				F114BFCB1AB632E900CBC1D5 /* emeraldMedal.png */,
				F114BFCC1AB632E900CBC1D5 /* goldMedal.png */,
				F114BFCD1AB632E900CBC1D5 /* platinumMedal.png */,
				F114BFCE1AB632E900CBC1D5 /* rainbowMedal.png */,
				F114BFCF1AB632E900CBC1D5 /* rubyMedal.png */,
				F114BFD01AB632E900CBC1D5 /* sapphireMedal.png */,
				F114BFD11AB632E900CBC1D5 /* silverMedal.png */,
			);
			name = medals;
			sourceTree = "<group>";
		};
		F12BA57819F6040E00C6B1FF = {
			isa = PBXGroup;
			children = (
				F12BA58C19F6040F00C6B1FF /* Pie Fight */,
				F12BA5B019F6040F00C6B1FF /* Pie FightTests */,
				F12BA58319F6040F00C6B1FF /* Frameworks */,
				F12BA58219F6040F00C6B1FF /* Products */,
			);
			sourceTree = "<group>";
		};
		F12BA58219F6040F00C6B1FF /* Products */ = {
			isa = PBXGroup;
			children = (
				F12BA58119F6040F00C6B1FF /* Escape From Drury Lane.app */,
				F12BA5A919F6040F00C6B1FF /* Escape From Drury LaneTests.xctest */,
			);
			name = Products;
			sourceTree = "<group>";
		};
		F12BA58319F6040F00C6B1FF /* Frameworks */ = {
			isa = PBXGroup;
			children = (
				F16F7A211AED66DF004FAD39 /* AVFoundation.framework */,
				F1E2752A1AE87D46000B7073 /* GameKit.framework */,
				F1C1EB071AE42066002A9C37 /* Social.framework */,
				F1C1EB051AE3013E002A9C37 /* iAd.framework */,
				F12BA58419F6040F00C6B1FF /* Foundation.framework */,
				F12BA58619F6040F00C6B1FF /* CoreGraphics.framework */,
				F12BA58819F6040F00C6B1FF /* UIKit.framework */,
				F12BA58A19F6040F00C6B1FF /* SpriteKit.framework */,
				F12BA5AA19F6040F00C6B1FF /* XCTest.framework */,
			);
			name = Frameworks;
			sourceTree = "<group>";
		};
		F12BA58C19F6040F00C6B1FF /* Pie Fight */ = {
			isa = PBXGroup;
			children = (
				F1DA054E1B408A1800826E19 /* External Libs */,
				F16F7A171AEB25D5004FAD39 /* SoundFX */,
				F1C006BF1A8B086000E264EC /* Constants */,
				F1C006BB1A8AF07C00E264EC /* Math */,
				F1C006831A79D32B00E264EC /* Controller Classes */,
				F1C006751A6E11D600E264EC /* Images */,
				F1C006841A79D34A00E264EC /* GameNodes */,
				F1C006C31A91926200E264EC /* GEA Scenes */,
				F12BA59519F6040F00C6B1FF /* GEAAppDelegate.h */,
				F12BA59619F6040F00C6B1FF /* GEAAppDelegate.m */,
				F12BA59819F6040F00C6B1FF /* Main.storyboard */,
				F12BA59B19F6040F00C6B1FF /* GEAViewController.h */,
				F12BA59C19F6040F00C6B1FF /* GEAViewController.m */,
				F12BA5A319F6040F00C6B1FF /* Images.xcassets */,
				F12BA58D19F6040F00C6B1FF /* Supporting Files */,
			);
			path = "Pie Fight";
			sourceTree = "<group>";
		};
		F12BA58D19F6040F00C6B1FF /* Supporting Files */ = {
			isa = PBXGroup;
			children = (
				F12BA58E19F6040F00C6B1FF /* Escape From Drury Lane-Info.plist */,
				F12BA58F19F6040F00C6B1FF /* InfoPlist.strings */,
				F12BA59219F6040F00C6B1FF /* main.m */,
				F12BA59419F6040F00C6B1FF /* Escape From Drury Lane-Prefix.pch */,
			);
			name = "Supporting Files";
			sourceTree = "<group>";
		};
		F12BA5B019F6040F00C6B1FF /* Pie FightTests */ = {
			isa = PBXGroup;
			children = (
				F12BA5B619F6040F00C6B1FF /* Pie_FightTests.m */,
				F12BA5B119F6040F00C6B1FF /* Supporting Files */,
			);
			path = "Pie FightTests";
			sourceTree = "<group>";
		};
		F12BA5B119F6040F00C6B1FF /* Supporting Files */ = {
			isa = PBXGroup;
			children = (
				F12BA5B219F6040F00C6B1FF /* Escape From Drury LaneTests-Info.plist */,
				F12BA5B319F6040F00C6B1FF /* InfoPlist.strings */,
			);
			name = "Supporting Files";
			sourceTree = "<group>";
		};
		F148256F1A9C0DA7006EDFE3 /* Controls Images */ = {
			isa = PBXGroup;
			children = (
				F1C006761A6E137900E264EC /* throwButton.png */,
				F1C006691A63726A00E264EC /* baseCenter.png */,
				F1C0066B1A63726A00E264EC /* centerJoystick.png */,
			);
			name = "Controls Images";
			sourceTree = "<group>";
		};
		F14825791A9D7791006EDFE3 /* Icon Images */ = {
			isa = PBXGroup;
			children = (
				F1DC18091AF06D1B0078F21D /* headshotIcons */,
				F16F7A411AEF1715004FAD39 /* launchImageHD.png */,
				F16F7A3D1AEF1630004FAD39 /* launchImage@1x.png */,
				F16F7A3E1AEF1630004FAD39 /* launchImage@2x.png */,
				F148257A1A9D77C0006EDFE3 /* Icon-29.png */,
				F148257B1A9D77C0006EDFE3 /* Icon-29@2x.png */,
				F148257C1A9D77C0006EDFE3 /* Icon-29@3x.png */,
				F148257D1A9D77C0006EDFE3 /* Icon-40.png */,
				F148257E1A9D77C0006EDFE3 /* Icon-40@2x.png */,
				F148257F1A9D77C0006EDFE3 /* Icon-40@3x.png */,
				F14825801A9D77C0006EDFE3 /* Icon-60@2x.png */,
				F14825811A9D77C0006EDFE3 /* Icon-60@3x.png */,
				F14825821A9D77C0006EDFE3 /* Icon-76.png */,
				F14825831A9D77C0006EDFE3 /* Icon-76@2x.png */,
				F14825841A9D77C0006EDFE3 /* iTunesArtwork@2x.png */,
			);
			name = "Icon Images";
			sourceTree = "<group>";
		};
		F16F7A171AEB25D5004FAD39 /* SoundFX */ = {
			isa = PBXGroup;
			children = (
				F1DA05531B44D7D400826E19 /* bye.wav */,
				F16F7A3B1AED8F3B004FAD39 /* muffinImpact.wav */,
				F16F7A371AED8D44004FAD39 /* gameMusic.wav */,
				F16F7A381AED8D44004FAD39 /* bite.wav */,
				F16F7A291AED6E93004FAD39 /* titleMusic.caf */,
				F16F7A1D1AED63CC004FAD39 /* buttonPress.wav */,
				F16F7A1E1AED63CC004FAD39 /* muffinThrow.wav */,
			);
			name = SoundFX;
			sourceTree = "<group>";
		};
		F1C006751A6E11D600E264EC /* Images */ = {
			isa = PBXGroup;
			children = (
				F14825791A9D7791006EDFE3 /* Icon Images */,
				F1C006C81A91972700E264EC /* Menu Images */,
				F1C006C71A91970A00E264EC /* Game Images */,
			);
			name = Images;
			sourceTree = "<group>";
		};
		F1C006831A79D32B00E264EC /* Controller Classes */ = {
			isa = PBXGroup;
			children = (
				F1C0066F1A638FDD00E264EC /* GEAButton.h */,
				F1C006701A638FDD00E264EC /* GEAButton.m */,
				F1C006661A63656000E264EC /* GEAJoyStick.h */,
				F1C006671A63656000E264EC /* GEAJoyStick.m */,
			);
			name = "Controller Classes";
			sourceTree = "<group>";
		};
		F1C006841A79D34A00E264EC /* GameNodes */ = {
			isa = PBXGroup;
			children = (
				F1C0068C1A79D7A300E264EC /* GEAHoleNode.h */,
				F1C0068D1A79D7A300E264EC /* GEAHoleNode.m */,
				F1C006AE1A86BF0900E264EC /* GEAMuffinNode.h */,
				F1C006AF1A86BF0900E264EC /* GEAMuffinNode.m */,
				F1C0068E1A79D7A300E264EC /* GEARandomizablePositionNode.h */,
				F1C0068F1A79D7A300E264EC /* GEARandomizablePositionNode.m */,
				F1C006891A79D42000E264EC /* GEAMuffinStackNode.h */,
				F1C0068A1A79D42000E264EC /* GEAMuffinStackNode.m */,
				F1C006791A6E152C00E264EC /* GEAGingerBreadMan.h */,
				F1C0067A1A6E152C00E264EC /* GEAGingerBreadMan.m */,
				F1C006921A79DCA000E264EC /* GEADoorNode.h */,
				F1C006931A79DCA000E264EC /* GEADoorNode.m */,
				F1C006B81A89ADE900E264EC /* GEAMuffinMan.h */,
				F1C006B91A89ADE900E264EC /* GEAMuffinMan.m */,
			);
			name = GameNodes;
			sourceTree = "<group>";
		};
		F1C006AD1A869CC100E264EC /* muffinStacks */ = {
			isa = PBXGroup;
			children = (
				F1C006951A869CBA00E264EC /* muffinStack1.png */,
				F1C006971A869CBA00E264EC /* muffinStack2.png */,
				F1C006991A869CBA00E264EC /* muffinStack3.png */,
				F1C0069B1A869CBA00E264EC /* muffinStack4.png */,
				F1C0069D1A869CBA00E264EC /* muffinStack5.png */,
				F1C0069F1A869CBA00E264EC /* muffinStack6.png */,
				F1C006A11A869CBA00E264EC /* muffinStack7.png */,
				F1C006A31A869CBA00E264EC /* muffinStack8.png */,
			);
			name = muffinStacks;
			sourceTree = "<group>";
		};
		F1C006BB1A8AF07C00E264EC /* Math */ = {
			isa = PBXGroup;
			children = (
				F1C006BC1A8AF0C500E264EC /* GEAPointMath.h */,
				F1C006BD1A8AF0C500E264EC /* GEAPointMath.m */,
			);
			name = Math;
			sourceTree = "<group>";
		};
		F1C006BF1A8B086000E264EC /* Constants */ = {
			isa = PBXGroup;
			children = (
				F1C006C01A8B087300E264EC /* GEAConstants.h */,
				F1C006C11A8B087300E264EC /* GEAConstants.m */,
			);
			name = Constants;
			sourceTree = "<group>";
		};
		F1C006C31A91926200E264EC /* GEA Scenes */ = {
			isa = PBXGroup;
			children = (
				F12BA59F19F6040F00C6B1FF /* GEAGameScene.m */,
				F12BA59E19F6040F00C6B1FF /* GEAGameScene.h */,
				F1C006C41A91936C00E264EC /* GEAStartMenuScene.h */,
				F1C006C51A91936C00E264EC /* GEAStartMenuScene.m */,
				F1C006D21A91A72000E264EC /* GEASettingsScene.h */,
				F1C006D31A91A72000E264EC /* GEASettingsScene.m */,
				F1C006D51A91A74900E264EC /* GEAHighScoreScene.h */,
				F1C006D61A91A74900E264EC /* GEAHighScoreScene.m */,
				F14825961AA240AE006EDFE3 /* GEAButtonEnabledScene.h */,
				F14825971AA240AE006EDFE3 /* GEAButtonEnabledScene.m */,
			);
			name = "GEA Scenes";
			sourceTree = "<group>";
		};
		F1C006C71A91970A00E264EC /* Game Images */ = {
			isa = PBXGroup;
			children = (
				F114BFC91AB632D500CBC1D5 /* medals */,
				F1BC7A4F1AB1329A00824AC7 /* holeSpawn.atlas */,
				F14825F51AAFD8C3006EDFE3 /* holeOpening.atlas */,
				F14825EC1AACE167006EDFE3 /* enterDoor.atlas */,
				F14825E91AACCCF1006EDFE3 /* deathAnimation.atlas */,
				F14825E61AABC571006EDFE3 /* muffinMen.atlas */,
				F14825DD1AA935A2006EDFE3 /* gingerBreadMen.atlas */,
				F1C006AD1A869CC100E264EC /* muffinStacks */,
				F148256F1A9C0DA7006EDFE3 /* Controls Images */,
				F1C006B51A89A6E500E264EC /* muffinMan.png */,
				F14825761A9D61C7006EDFE3 /* gingerBreadManWithMuffin.png */,
				F1C006721A6E11CA00E264EC /* gingerBreadMan.png */,
				F1C0065A1A61F29800E264EC /* door.png */,
				F1C006601A61F70F00E264EC /* closedhole.png */,
				F14825E31AAA43A9006EDFE3 /* frame10.png */,
				F1C006631A61F7FE00E264EC /* openhole.png */,
				F1C0067C1A772A8F00E264EC /* muffin.png */,
			);
			name = "Game Images";
			sourceTree = "<group>";
		};
		F1C006C81A91972700E264EC /* Menu Images */ = {
			isa = PBXGroup;
			children = (
				F16F7A2B1AED7E04004FAD39 /* musicOffButton.png */,
				F16F7A2D1AED7E05004FAD39 /* musicOffSelectedButton.png */,
				F16F7A2F1AED7E05004FAD39 /* musicOnButton.png */,
				F16F7A311AED7E05004FAD39 /* musicOnSelectedButton.png */,
				F1E2752C1AE88856000B7073 /* dontPostToLeaderboard.png */,
				F1E2752E1AE88856000B7073 /* dontPostToLeaderboardSelected.png */,
				F1E275301AE88856000B7073 /* postToLeaderboard.png */,
				F1E275321AE88856000B7073 /* postToLeaderboardSelected.png */,
				F1C1EB091AE423B4002A9C37 /* shareToFb.png */,
				F1C1EB0B1AE423B4002A9C37 /* shareToTwitter.png */,
				F139B1E91AB6542C003E3E1C /* finalScoreBackGround.png */,
				F14825EF1AACF137006EDFE3 /* nextLevelButton.png */,
				F148259F1AA24649006EDFE3 /* leftHandedSelectedButton.png */,
				F14825A11AA24649006EDFE3 /* rightHandedSelectedButton.png */,
				F14825991AA24511006EDFE3 /* leftHandedButton.png */,
				F148259B1AA24511006EDFE3 /* rightHandedButton.png */,
				F14825931AA221B6006EDFE3 /* backButton.png */,
				F14825701A9C1180006EDFE3 /* retryButton.png */,
				F1C006CF1A919E4E00E264EC /* highScoresButton.png */,
				F1C006C91A91977100E264EC /* settingsButton.png */,
				F1C006CB1A91977100E264EC /* startButton.png */,
			);
			name = "Menu Images";
			sourceTree = "<group>";
		};
		F1DA054E1B408A1800826E19 /* External Libs */ = {
			isa = PBXGroup;
			children = (
				F1DA05521B408E4400826E19 /* AppiraterDelegate.h */,
				F1DA054F1B408A3100826E19 /* Appirater.h */,
				F1DA05501B408A3100826E19 /* Appirater.m */,
			);
			name = "External Libs";
			sourceTree = "<group>";
		};
		F1DC18091AF06D1B0078F21D /* headshotIcons */ = {
			isa = PBXGroup;
			children = (
				F1DC180A1AF06D400078F21D /* Icon-29.png */,
				F1DC180B1AF06D400078F21D /* Icon-29@2x.png */,
				F1DC180C1AF06D400078F21D /* Icon-29@3x.png */,
				F1DC180D1AF06D400078F21D /* Icon-40.png */,
				F1DC180E1AF06D400078F21D /* Icon-40@2x.png */,
				F1DC180F1AF06D400078F21D /* Icon-40@3x.png */,
				F1DC18101AF06D400078F21D /* Icon-60@2x.png */,
				F1DC18111AF06D400078F21D /* Icon-60@3x.png */,
				F1DC18121AF06D400078F21D /* Icon-76.png */,
				F1DC18131AF06D400078F21D /* Icon-76@2x.png */,
				F1DC18141AF06D400078F21D /* iTunesArtwork@2x.jpg */,
				F1DC18151AF06D400078F21D /* iTunesArtwork@2x.png */,
			);
			name = headshotIcons;
			sourceTree = "<group>";
		};
/* End PBXGroup section */

/* Begin PBXNativeTarget section */
		F12BA58019F6040F00C6B1FF /* Escape From Drury Lane */ = {
			isa = PBXNativeTarget;
			buildConfigurationList = F12BA5BA19F6040F00C6B1FF /* Build configuration list for PBXNativeTarget "Escape From Drury Lane" */;
			buildPhases = (
				F12BA57D19F6040F00C6B1FF /* Sources */,
				F12BA57E19F6040F00C6B1FF /* Frameworks */,
				F12BA57F19F6040F00C6B1FF /* Resources */,
			);
			buildRules = (
			);
			dependencies = (
			);
			name = "Escape From Drury Lane";
			productName = "Pie Fight";
			productReference = F12BA58119F6040F00C6B1FF /* Escape From Drury Lane.app */;
			productType = "com.apple.product-type.application";
		};
		F12BA5A819F6040F00C6B1FF /* Escape From Drury LaneTests */ = {
			isa = PBXNativeTarget;
			buildConfigurationList = F12BA5BD19F6040F00C6B1FF /* Build configuration list for PBXNativeTarget "Escape From Drury LaneTests" */;
			buildPhases = (
				F12BA5A519F6040F00C6B1FF /* Sources */,
				F12BA5A619F6040F00C6B1FF /* Frameworks */,
				F12BA5A719F6040F00C6B1FF /* Resources */,
			);
			buildRules = (
			);
			dependencies = (
				F12BA5AF19F6040F00C6B1FF /* PBXTargetDependency */,
			);
			name = "Escape From Drury LaneTests";
			productName = "Pie FightTests";
			productReference = F12BA5A919F6040F00C6B1FF /* Escape From Drury LaneTests.xctest */;
			productType = "com.apple.product-type.bundle.unit-test";
		};
/* End PBXNativeTarget section */

/* Begin PBXProject section */
		F12BA57919F6040E00C6B1FF /* Project object */ = {
			isa = PBXProject;
			attributes = {
				CLASSPREFIX = GEA;
				LastUpgradeCheck = 0510;
				ORGANIZATIONNAME = "Gregory Azuolas";
				TargetAttributes = {
					F12BA58019F6040F00C6B1FF = {
						DevelopmentTeam = 3262ELB244;
					};
					F12BA5A819F6040F00C6B1FF = {
						TestTargetID = F12BA58019F6040F00C6B1FF;
					};
				};
			};
			buildConfigurationList = F12BA57C19F6040E00C6B1FF /* Build configuration list for PBXProject "Escape From Drury Lane" */;
			compatibilityVersion = "Xcode 3.2";
			developmentRegion = English;
			hasScannedForEncodings = 0;
			knownRegions = (
				en,
				Base,
			);
			mainGroup = F12BA57819F6040E00C6B1FF;
			productRefGroup = F12BA58219F6040F00C6B1FF /* Products */;
			projectDirPath = "";
			projectRoot = "";
			targets = (
				F12BA58019F6040F00C6B1FF /* Escape From Drury Lane */,
				F12BA5A819F6040F00C6B1FF /* Escape From Drury LaneTests */,
			);
		};
/* End PBXProject section */

/* Begin PBXResourcesBuildPhase section */
		F12BA57F19F6040F00C6B1FF /* Resources */ = {
			isa = PBXResourcesBuildPhase;
			buildActionMask = 2147483647;
			files = (
				F1C006AB1A869CBA00E264EC /* muffinStack7.png in Resources */,
				F14825871A9D77C0006EDFE3 /* Icon-29@3x.png in Resources */,
				F1C006651A61F7FE00E264EC /* openhole.png in Resources */,
				F12BA59119F6040F00C6B1FF /* InfoPlist.strings in Resources */,
				F16F7A201AED63CC004FAD39 /* muffinThrow.wav in Resources */,
				F1C006CD1A91977100E264EC /* settingsButton.png in Resources */,
				F16F7A3C1AED8F3B004FAD39 /* muffinImpact.wav in Resources */,
				F114BFD31AB632E900CBC1D5 /* emeraldMedal.png in Resources */,
				F14825721A9C1180006EDFE3 /* retryButton.png in Resources */,
				F1C006A81A869CBA00E264EC /* muffinStack4.png in Resources */,
				F1BC7A511AB1329A00824AC7 /* holeSpawn.atlas in Resources */,
				F148258B1A9D77C0006EDFE3 /* Icon-60@2x.png in Resources */,
				F1DC18191AF06D400078F21D /* Icon-40.png in Resources */,
				F14825F11AACF137006EDFE3 /* nextLevelButton.png in Resources */,
				F1C006A61A869CBA00E264EC /* muffinStack2.png in Resources */,
				F1DC18161AF06D400078F21D /* Icon-29.png in Resources */,
				F1C006781A6E137900E264EC /* throwButton.png in Resources */,
				F14825891A9D77C0006EDFE3 /* Icon-40@2x.png in Resources */,
				F114BFD61AB632E900CBC1D5 /* rainbowMedal.png in Resources */,
				F14825E51AAA43A9006EDFE3 /* frame10.png in Resources */,
				F12BA5A419F6040F00C6B1FF /* Images.xcassets in Resources */,
				F1C006A51A869CBA00E264EC /* muffinStack1.png in Resources */,
				F16F7A1F1AED63CC004FAD39 /* buttonPress.wav in Resources */,
				F16F7A341AED7E05004FAD39 /* musicOffSelectedButton.png in Resources */,
				F14825EE1AACE167006EDFE3 /* enterDoor.atlas in Resources */,
				F1C006741A6E11CA00E264EC /* gingerBreadMan.png in Resources */,
				F1DC181C1AF06D400078F21D /* Icon-60@2x.png in Resources */,
				F16F7A331AED7E05004FAD39 /* musicOffButton.png in Resources */,
				F1C006AA1A869CBA00E264EC /* muffinStack6.png in Resources */,
				F14825781A9D61C7006EDFE3 /* gingerBreadManWithMuffin.png in Resources */,
				F1DC18171AF06D400078F21D /* Icon-29@2x.png in Resources */,
				F1DC18211AF06D400078F21D /* iTunesArtwork@2x.png in Resources */,
				F1C006621A61F70F00E264EC /* closedhole.png in Resources */,
				F1C006CE1A91977100E264EC /* startButton.png in Resources */,
				F148258E1A9D77C0006EDFE3 /* Icon-76@2x.png in Resources */,
				F14825F71AAFD8C3006EDFE3 /* holeOpening.atlas in Resources */,
				F14825951AA221B6006EDFE3 /* backButton.png in Resources */,
				F16F7A361AED7E05004FAD39 /* musicOnSelectedButton.png in Resources */,
				F114BFD81AB632E900CBC1D5 /* sapphireMedal.png in Resources */,
				F1DC181F1AF06D400078F21D /* Icon-76@2x.png in Resources */,
				F114BFD71AB632E900CBC1D5 /* rubyMedal.png in Resources */,
				F1DA05541B44D7D400826E19 /* bye.wav in Resources */,
				F1C0066D1A63726A00E264EC /* baseCenter.png in Resources */,
				F148258A1A9D77C0006EDFE3 /* Icon-40@3x.png in Resources */,
				F16F7A401AEF1630004FAD39 /* launchImage@2x.png in Resources */,
				F1E275351AE88856000B7073 /* dontPostToLeaderboardSelected.png in Resources */,
				F12BA59A19F6040F00C6B1FF /* Main.storyboard in Resources */,
				F114BFD41AB632E900CBC1D5 /* goldMedal.png in Resources */,
				F1C1EB0E1AE423B4002A9C37 /* shareToTwitter.png in Resources */,
				F16F7A421AEF1716004FAD39 /* launchImageHD.png in Resources */,
				F148258C1A9D77C0006EDFE3 /* Icon-60@3x.png in Resources */,
				F14825851A9D77C0006EDFE3 /* Icon-29.png in Resources */,
				F1C006B71A89A6E500E264EC /* muffinMan.png in Resources */,
				F1E275361AE88856000B7073 /* postToLeaderboard.png in Resources */,
				F14825861A9D77C0006EDFE3 /* Icon-29@2x.png in Resources */,
				F1E275371AE88856000B7073 /* postToLeaderboardSelected.png in Resources */,
				F139B1ED1AB658D9003E3E1C /* noMedal.png in Resources */,
				F14825A31AA24649006EDFE3 /* leftHandedSelectedButton.png in Resources */,
				F16F7A2A1AED6E93004FAD39 /* titleMusic.caf in Resources */,
				F1C006AC1A869CBA00E264EC /* muffinStack8.png in Resources */,
				F139B1EB1AB6542C003E3E1C /* finalScoreBackGround.png in Resources */,
				F1DC18181AF06D400078F21D /* Icon-29@3x.png in Resources */,
				F14825DF1AA935A2006EDFE3 /* gingerBreadMen.atlas in Resources */,
				F1DC181D1AF06D400078F21D /* Icon-60@3x.png in Resources */,
				F16F7A3A1AED8D44004FAD39 /* bite.wav in Resources */,
				F14825E81AABC571006EDFE3 /* muffinMen.atlas in Resources */,
				F14825A41AA24649006EDFE3 /* rightHandedSelectedButton.png in Resources */,
				F1DC18201AF06D400078F21D /* iTunesArtwork@2x.jpg in Resources */,
				F16F7A3F1AEF1630004FAD39 /* launchImage@1x.png in Resources */,
				F148259E1AA24511006EDFE3 /* rightHandedButton.png in Resources */,
				F148259D1AA24511006EDFE3 /* leftHandedButton.png in Resources */,
				F16F7A351AED7E05004FAD39 /* musicOnButton.png in Resources */,
				F1C1EB0D1AE423B4002A9C37 /* shareToFb.png in Resources */,
				F1C0065C1A61F29800E264EC /* door.png in Resources */,
				F14825881A9D77C0006EDFE3 /* Icon-40.png in Resources */,
				F1DC181E1AF06D400078F21D /* Icon-76.png in Resources */,
				F1C006D11A919E4E00E264EC /* highScoresButton.png in Resources */,
				F1DC181A1AF06D400078F21D /* Icon-40@2x.png in Resources */,
				F148258D1A9D77C0006EDFE3 /* Icon-76.png in Resources */,
				F148258F1A9D77C0006EDFE3 /* iTunesArtwork@2x.png in Resources */,
				F1E275341AE88856000B7073 /* dontPostToLeaderboard.png in Resources */,
				F1C0067E1A772A8F00E264EC /* muffin.png in Resources */,
				F1C006A91A869CBA00E264EC /* muffinStack5.png in Resources */,
				F114BFD91AB632E900CBC1D5 /* silverMedal.png in Resources */,
				F114BFD21AB632E900CBC1D5 /* copperMedal.png in Resources */,
				F1C0066E1A63726A00E264EC /* centerJoystick.png in Resources */,
				F14825EB1AACCCF1006EDFE3 /* deathAnimation.atlas in Resources */,
				F16F7A391AED8D44004FAD39 /* gameMusic.wav in Resources */,
				F1C006A71A869CBA00E264EC /* muffinStack3.png in Resources */,
				F1DC181B1AF06D400078F21D /* Icon-40@3x.png in Resources */,
				F114BFD51AB632E900CBC1D5 /* platinumMedal.png in Resources */,
			);
			runOnlyForDeploymentPostprocessing = 0;
		};
		F12BA5A719F6040F00C6B1FF /* Resources */ = {
			isa = PBXResourcesBuildPhase;
			buildActionMask = 2147483647;
			files = (
				F12BA5B519F6040F00C6B1FF /* InfoPlist.strings in Resources */,
			);
			runOnlyForDeploymentPostprocessing = 0;
		};
/* End PBXResourcesBuildPhase section */

/* Begin PBXSourcesBuildPhase section */
		F12BA57D19F6040F00C6B1FF /* Sources */ = {
			isa = PBXSourcesBuildPhase;
			buildActionMask = 2147483647;
			files = (
				F12BA5A019F6040F00C6B1FF /* GEAGameScene.m in Sources */,
				F1C006711A638FDD00E264EC /* GEAButton.m in Sources */,
				F1C006941A79DCA000E264EC /* GEADoorNode.m in Sources */,
				F14825981AA240AE006EDFE3 /* GEAButtonEnabledScene.m in Sources */,
				F1C006901A79D7A300E264EC /* GEAHoleNode.m in Sources */,
				F1C006D41A91A72000E264EC /* GEASettingsScene.m in Sources */,
				F1DA05511B408A3100826E19 /* Appirater.m in Sources */,
				F12BA59719F6040F00C6B1FF /* GEAAppDelegate.m in Sources */,
				F1C0067B1A6E152C00E264EC /* GEAGingerBreadMan.m in Sources */,
				F1C006B01A86BF0900E264EC /* GEAMuffinNode.m in Sources */,
				F12BA59D19F6040F00C6B1FF /* GEAViewController.m in Sources */,
				F1C006D71A91A74900E264EC /* GEAHighScoreScene.m in Sources */,
				F1C0068B1A79D42000E264EC /* GEAMuffinStackNode.m in Sources */,
				F12BA59319F6040F00C6B1FF /* main.m in Sources */,
				F1C006BE1A8AF0C500E264EC /* GEAPointMath.m in Sources */,
				F1C006911A79D7A300E264EC /* GEARandomizablePositionNode.m in Sources */,
				F1C006C61A91936C00E264EC /* GEAStartMenuScene.m in Sources */,
				F1C006681A63656000E264EC /* GEAJoyStick.m in Sources */,
				F1C006BA1A89ADE900E264EC /* GEAMuffinMan.m in Sources */,
				F1C006C21A8B087300E264EC /* GEAConstants.m in Sources */,
			);
			runOnlyForDeploymentPostprocessing = 0;
		};
		F12BA5A519F6040F00C6B1FF /* Sources */ = {
			isa = PBXSourcesBuildPhase;
			buildActionMask = 2147483647;
			files = (
				F12BA5B719F6040F00C6B1FF /* Pie_FightTests.m in Sources */,
			);
			runOnlyForDeploymentPostprocessing = 0;
		};
/* End PBXSourcesBuildPhase section */

/* Begin PBXTargetDependency section */
		F12BA5AF19F6040F00C6B1FF /* PBXTargetDependency */ = {
			isa = PBXTargetDependency;
			target = F12BA58019F6040F00C6B1FF /* Escape From Drury Lane */;
			targetProxy = F12BA5AE19F6040F00C6B1FF /* PBXContainerItemProxy */;
		};
/* End PBXTargetDependency section */

/* Begin PBXVariantGroup section */
		F12BA58F19F6040F00C6B1FF /* InfoPlist.strings */ = {
			isa = PBXVariantGroup;
			children = (
				F12BA59019F6040F00C6B1FF /* en */,
			);
			name = InfoPlist.strings;
			sourceTree = "<group>";
		};
		F12BA59819F6040F00C6B1FF /* Main.storyboard */ = {
			isa = PBXVariantGroup;
			children = (
				F12BA59919F6040F00C6B1FF /* Base */,
			);
			name = Main.storyboard;
			sourceTree = "<group>";
		};
		F12BA5B319F6040F00C6B1FF /* InfoPlist.strings */ = {
			isa = PBXVariantGroup;
			children = (
				F12BA5B419F6040F00C6B1FF /* en */,
			);
			name = InfoPlist.strings;
			sourceTree = "<group>";
		};
		F139B1E91AB6542C003E3E1C /* finalScoreBackGround.png */ = {
			isa = PBXVariantGroup;
			children = (
				F139B1EA1AB6542C003E3E1C /* en */,
			);
			name = finalScoreBackGround.png;
			sourceTree = "<group>";
		};
		F14825701A9C1180006EDFE3 /* retryButton.png */ = {
			isa = PBXVariantGroup;
			children = (
				F14825711A9C1180006EDFE3 /* en */,
			);
			name = retryButton.png;
			sourceTree = "<group>";
		};
		F14825761A9D61C7006EDFE3 /* gingerBreadManWithMuffin.png */ = {
			isa = PBXVariantGroup;
			children = (
				F14825771A9D61C7006EDFE3 /* en */,
			);
			name = gingerBreadManWithMuffin.png;
			sourceTree = "<group>";
		};
		F14825931AA221B6006EDFE3 /* backButton.png */ = {
			isa = PBXVariantGroup;
			children = (
				F14825941AA221B6006EDFE3 /* en */,
			);
			name = backButton.png;
			sourceTree = "<group>";
		};
		F14825991AA24511006EDFE3 /* leftHandedButton.png */ = {
			isa = PBXVariantGroup;
			children = (
				F148259A1AA24511006EDFE3 /* en */,
			);
			name = leftHandedButton.png;
			sourceTree = "<group>";
		};
		F148259B1AA24511006EDFE3 /* rightHandedButton.png */ = {
			isa = PBXVariantGroup;
			children = (
				F148259C1AA24511006EDFE3 /* en */,
			);
			name = rightHandedButton.png;
			sourceTree = "<group>";
		};
		F148259F1AA24649006EDFE3 /* leftHandedSelectedButton.png */ = {
			isa = PBXVariantGroup;
			children = (
				F14825A01AA24649006EDFE3 /* en */,
			);
			name = leftHandedSelectedButton.png;
			sourceTree = "<group>";
		};
		F14825A11AA24649006EDFE3 /* rightHandedSelectedButton.png */ = {
			isa = PBXVariantGroup;
			children = (
				F14825A21AA24649006EDFE3 /* en */,
			);
			name = rightHandedSelectedButton.png;
			sourceTree = "<group>";
		};
		F14825DD1AA935A2006EDFE3 /* gingerBreadMen.atlas */ = {
			isa = PBXVariantGroup;
			children = (
				F14825DE1AA935A2006EDFE3 /* en */,
			);
			name = gingerBreadMen.atlas;
			sourceTree = "<group>";
		};
		F14825E31AAA43A9006EDFE3 /* frame10.png */ = {
			isa = PBXVariantGroup;
			children = (
				F14825E41AAA43A9006EDFE3 /* en */,
			);
			name = frame10.png;
			sourceTree = "<group>";
		};
		F14825E61AABC571006EDFE3 /* muffinMen.atlas */ = {
			isa = PBXVariantGroup;
			children = (
				F14825E71AABC571006EDFE3 /* en */,
			);
			name = muffinMen.atlas;
			sourceTree = "<group>";
		};
		F14825E91AACCCF1006EDFE3 /* deathAnimation.atlas */ = {
			isa = PBXVariantGroup;
			children = (
				F14825EA1AACCCF1006EDFE3 /* en */,
			);
			name = deathAnimation.atlas;
			sourceTree = "<group>";
		};
		F14825EC1AACE167006EDFE3 /* enterDoor.atlas */ = {
			isa = PBXVariantGroup;
			children = (
				F14825ED1AACE167006EDFE3 /* en */,
			);
			name = enterDoor.atlas;
			sourceTree = "<group>";
		};
		F14825EF1AACF137006EDFE3 /* nextLevelButton.png */ = {
			isa = PBXVariantGroup;
			children = (
				F14825F01AACF137006EDFE3 /* en */,
			);
			name = nextLevelButton.png;
			sourceTree = "<group>";
		};
		F14825F51AAFD8C3006EDFE3 /* holeOpening.atlas */ = {
			isa = PBXVariantGroup;
			children = (
				F14825F61AAFD8C3006EDFE3 /* en */,
			);
			name = holeOpening.atlas;
			sourceTree = "<group>";
		};
		F16F7A2B1AED7E04004FAD39 /* musicOffButton.png */ = {
			isa = PBXVariantGroup;
			children = (
				F16F7A2C1AED7E05004FAD39 /* en */,
			);
			name = musicOffButton.png;
			sourceTree = "<group>";
		};
		F16F7A2D1AED7E05004FAD39 /* musicOffSelectedButton.png */ = {
			isa = PBXVariantGroup;
			children = (
				F16F7A2E1AED7E05004FAD39 /* en */,
			);
			name = musicOffSelectedButton.png;
			sourceTree = "<group>";
		};
		F16F7A2F1AED7E05004FAD39 /* musicOnButton.png */ = {
			isa = PBXVariantGroup;
			children = (
				F16F7A301AED7E05004FAD39 /* en */,
			);
			name = musicOnButton.png;
			sourceTree = "<group>";
		};
		F16F7A311AED7E05004FAD39 /* musicOnSelectedButton.png */ = {
			isa = PBXVariantGroup;
			children = (
				F16F7A321AED7E05004FAD39 /* en */,
			);
			name = musicOnSelectedButton.png;
			sourceTree = "<group>";
		};
		F1BC7A4F1AB1329A00824AC7 /* holeSpawn.atlas */ = {
			isa = PBXVariantGroup;
			children = (
				F1BC7A501AB1329A00824AC7 /* en */,
			);
			name = holeSpawn.atlas;
			sourceTree = "<group>";
		};
		F1C0065A1A61F29800E264EC /* door.png */ = {
			isa = PBXVariantGroup;
			children = (
				F1C0065B1A61F29800E264EC /* en */,
			);
			name = door.png;
			sourceTree = "<group>";
		};
		F1C006601A61F70F00E264EC /* closedhole.png */ = {
			isa = PBXVariantGroup;
			children = (
				F1C006611A61F70F00E264EC /* en */,
			);
			name = closedhole.png;
			path = ..;
			sourceTree = "<group>";
		};
		F1C006631A61F7FE00E264EC /* openhole.png */ = {
			isa = PBXVariantGroup;
			children = (
				F1C006641A61F7FE00E264EC /* en */,
			);
			name = openhole.png;
			path = ..;
			sourceTree = "<group>";
		};
		F1C006691A63726A00E264EC /* baseCenter.png */ = {
			isa = PBXVariantGroup;
			children = (
				F1C0066A1A63726A00E264EC /* en */,
			);
			name = baseCenter.png;
			sourceTree = "<group>";
		};
		F1C0066B1A63726A00E264EC /* centerJoystick.png */ = {
			isa = PBXVariantGroup;
			children = (
				F1C0066C1A63726A00E264EC /* en */,
			);
			name = centerJoystick.png;
			sourceTree = "<group>";
		};
		F1C006721A6E11CA00E264EC /* gingerBreadMan.png */ = {
			isa = PBXVariantGroup;
			children = (
				F1C006731A6E11CA00E264EC /* en */,
			);
			name = gingerBreadMan.png;
			sourceTree = "<group>";
		};
		F1C006761A6E137900E264EC /* throwButton.png */ = {
			isa = PBXVariantGroup;
			children = (
				F1C006771A6E137900E264EC /* en */,
			);
			name = throwButton.png;
			sourceTree = "<group>";
		};
		F1C0067C1A772A8F00E264EC /* muffin.png */ = {
			isa = PBXVariantGroup;
			children = (
				F1C0067D1A772A8F00E264EC /* en */,
			);
			name = muffin.png;
			sourceTree = "<group>";
		};
		F1C006951A869CBA00E264EC /* muffinStack1.png */ = {
			isa = PBXVariantGroup;
			children = (
				F1C006961A869CBA00E264EC /* en */,
			);
			name = muffinStack1.png;
			sourceTree = "<group>";
		};
		F1C006971A869CBA00E264EC /* muffinStack2.png */ = {
			isa = PBXVariantGroup;
			children = (
				F1C006981A869CBA00E264EC /* en */,
			);
			name = muffinStack2.png;
			sourceTree = "<group>";
		};
		F1C006991A869CBA00E264EC /* muffinStack3.png */ = {
			isa = PBXVariantGroup;
			children = (
				F1C0069A1A869CBA00E264EC /* en */,
			);
			name = muffinStack3.png;
			sourceTree = "<group>";
		};
		F1C0069B1A869CBA00E264EC /* muffinStack4.png */ = {
			isa = PBXVariantGroup;
			children = (
				F1C0069C1A869CBA00E264EC /* en */,
			);
			name = muffinStack4.png;
			sourceTree = "<group>";
		};
		F1C0069D1A869CBA00E264EC /* muffinStack5.png */ = {
			isa = PBXVariantGroup;
			children = (
				F1C0069E1A869CBA00E264EC /* en */,
			);
			name = muffinStack5.png;
			sourceTree = "<group>";
		};
		F1C0069F1A869CBA00E264EC /* muffinStack6.png */ = {
			isa = PBXVariantGroup;
			children = (
				F1C006A01A869CBA00E264EC /* en */,
			);
			name = muffinStack6.png;
			sourceTree = "<group>";
		};
		F1C006A11A869CBA00E264EC /* muffinStack7.png */ = {
			isa = PBXVariantGroup;
			children = (
				F1C006A21A869CBA00E264EC /* en */,
			);
			name = muffinStack7.png;
			sourceTree = "<group>";
		};
		F1C006A31A869CBA00E264EC /* muffinStack8.png */ = {
			isa = PBXVariantGroup;
			children = (
				F1C006A41A869CBA00E264EC /* en */,
			);
			name = muffinStack8.png;
			sourceTree = "<group>";
		};
		F1C006B51A89A6E500E264EC /* muffinMan.png */ = {
			isa = PBXVariantGroup;
			children = (
				F1C006B61A89A6E500E264EC /* en */,
			);
			name = muffinMan.png;
			sourceTree = "<group>";
		};
		F1C006C91A91977100E264EC /* settingsButton.png */ = {
			isa = PBXVariantGroup;
			children = (
				F1C006CA1A91977100E264EC /* en */,
			);
			name = settingsButton.png;
			sourceTree = "<group>";
		};
		F1C006CB1A91977100E264EC /* startButton.png */ = {
			isa = PBXVariantGroup;
			children = (
				F1C006CC1A91977100E264EC /* en */,
			);
			name = startButton.png;
			sourceTree = "<group>";
		};
		F1C006CF1A919E4E00E264EC /* highScoresButton.png */ = {
			isa = PBXVariantGroup;
			children = (
				F1C006D01A919E4E00E264EC /* en */,
			);
			name = highScoresButton.png;
			sourceTree = "<group>";
		};
		F1C1EB091AE423B4002A9C37 /* shareToFb.png */ = {
			isa = PBXVariantGroup;
			children = (
				F1C1EB0A1AE423B4002A9C37 /* en */,
			);
			name = shareToFb.png;
			sourceTree = "<group>";
		};
		F1C1EB0B1AE423B4002A9C37 /* shareToTwitter.png */ = {
			isa = PBXVariantGroup;
			children = (
				F1C1EB0C1AE423B4002A9C37 /* en */,
			);
			name = shareToTwitter.png;
			sourceTree = "<group>";
		};
		F1E2752C1AE88856000B7073 /* dontPostToLeaderboard.png */ = {
			isa = PBXVariantGroup;
			children = (
				F1E2752D1AE88856000B7073 /* en */,
			);
			name = dontPostToLeaderboard.png;
			sourceTree = "<group>";
		};
		F1E2752E1AE88856000B7073 /* dontPostToLeaderboardSelected.png */ = {
			isa = PBXVariantGroup;
			children = (
				F1E2752F1AE88856000B7073 /* en */,
			);
			name = dontPostToLeaderboardSelected.png;
			sourceTree = "<group>";
		};
		F1E275301AE88856000B7073 /* postToLeaderboard.png */ = {
			isa = PBXVariantGroup;
			children = (
				F1E275311AE88856000B7073 /* en */,
			);
			name = postToLeaderboard.png;
			sourceTree = "<group>";
		};
		F1E275321AE88856000B7073 /* postToLeaderboardSelected.png */ = {
			isa = PBXVariantGroup;
			children = (
				F1E275331AE88856000B7073 /* en */,
			);
			name = postToLeaderboardSelected.png;
			sourceTree = "<group>";
		};
/* End PBXVariantGroup section */

/* Begin XCBuildConfiguration section */
		F12BA5B819F6040F00C6B1FF /* Debug */ = {
			isa = XCBuildConfiguration;
			buildSettings = {
				ALWAYS_SEARCH_USER_PATHS = NO;
				CLANG_CXX_LANGUAGE_STANDARD = "gnu++0x";
				CLANG_CXX_LIBRARY = "libc++";
				CLANG_ENABLE_MODULES = YES;
				CLANG_ENABLE_OBJC_ARC = YES;
				CLANG_WARN_BOOL_CONVERSION = YES;
				CLANG_WARN_CONSTANT_CONVERSION = YES;
				CLANG_WARN_DIRECT_OBJC_ISA_USAGE = YES_ERROR;
				CLANG_WARN_EMPTY_BODY = YES;
				CLANG_WARN_ENUM_CONVERSION = YES;
				CLANG_WARN_INT_CONVERSION = YES;
				CLANG_WARN_OBJC_ROOT_CLASS = YES_ERROR;
				CLANG_WARN__DUPLICATE_METHOD_MATCH = YES;
				"CODE_SIGN_IDENTITY[sdk=iphoneos*]" = "iPhone Developer";
				COPY_PHASE_STRIP = NO;
				GCC_C_LANGUAGE_STANDARD = gnu99;
				GCC_DYNAMIC_NO_PIC = NO;
				GCC_OPTIMIZATION_LEVEL = 0;
				GCC_PREPROCESSOR_DEFINITIONS = (
					"DEBUG=1",
					"$(inherited)",
				);
				GCC_SYMBOLS_PRIVATE_EXTERN = NO;
				GCC_WARN_64_TO_32_BIT_CONVERSION = YES;
				GCC_WARN_ABOUT_RETURN_TYPE = YES_ERROR;
				GCC_WARN_UNDECLARED_SELECTOR = YES;
				GCC_WARN_UNINITIALIZED_AUTOS = YES_AGGRESSIVE;
				GCC_WARN_UNUSED_FUNCTION = YES;
				GCC_WARN_UNUSED_VARIABLE = YES;
				IPHONEOS_DEPLOYMENT_TARGET = 7.1;
				ONLY_ACTIVE_ARCH = YES;
				SDKROOT = iphoneos;
			};
			name = Debug;
		};
		F12BA5B919F6040F00C6B1FF /* Release */ = {
			isa = XCBuildConfiguration;
			buildSettings = {
				ALWAYS_SEARCH_USER_PATHS = NO;
				CLANG_CXX_LANGUAGE_STANDARD = "gnu++0x";
				CLANG_CXX_LIBRARY = "libc++";
				CLANG_ENABLE_MODULES = YES;
				CLANG_ENABLE_OBJC_ARC = YES;
				CLANG_WARN_BOOL_CONVERSION = YES;
				CLANG_WARN_CONSTANT_CONVERSION = YES;
				CLANG_WARN_DIRECT_OBJC_ISA_USAGE = YES_ERROR;
				CLANG_WARN_EMPTY_BODY = YES;
				CLANG_WARN_ENUM_CONVERSION = YES;
				CLANG_WARN_INT_CONVERSION = YES;
				CLANG_WARN_OBJC_ROOT_CLASS = YES_ERROR;
				CLANG_WARN__DUPLICATE_METHOD_MATCH = YES;
				"CODE_SIGN_IDENTITY[sdk=iphoneos*]" = "iPhone Developer";
				COPY_PHASE_STRIP = YES;
				ENABLE_NS_ASSERTIONS = NO;
				GCC_C_LANGUAGE_STANDARD = gnu99;
				GCC_WARN_64_TO_32_BIT_CONVERSION = YES;
				GCC_WARN_ABOUT_RETURN_TYPE = YES_ERROR;
				GCC_WARN_UNDECLARED_SELECTOR = YES;
				GCC_WARN_UNINITIALIZED_AUTOS = YES_AGGRESSIVE;
				GCC_WARN_UNUSED_FUNCTION = YES;
				GCC_WARN_UNUSED_VARIABLE = YES;
				IPHONEOS_DEPLOYMENT_TARGET = 7.1;
				SDKROOT = iphoneos;
				VALIDATE_PRODUCT = YES;
			};
			name = Release;
		};
		F12BA5BB19F6040F00C6B1FF /* Debug */ = {
			isa = XCBuildConfiguration;
			buildSettings = {
				ASSETCATALOG_COMPILER_APPICON_NAME = AppIcon;
				ASSETCATALOG_COMPILER_LAUNCHIMAGE_NAME = LaunchImage;
				CODE_SIGN_IDENTITY = "iPhone Developer";
				GCC_PRECOMPILE_PREFIX_HEADER = YES;
				GCC_PREFIX_HEADER = "Pie Fight/Escape From Drury Lane-Prefix.pch";
				INFOPLIST_FILE = "Pie Fight/Escape From Drury Lane-Info.plist";
				PRODUCT_NAME = "Escape From Drury Lane";
				SPRITEKIT_TEXTURE_ATLAS_OUTPUT = YES;
				TARGETED_DEVICE_FAMILY = 1;
				WRAPPER_EXTENSION = app;
			};
			name = Debug;
		};
		F12BA5BC19F6040F00C6B1FF /* Release */ = {
			isa = XCBuildConfiguration;
			buildSettings = {
				ASSETCATALOG_COMPILER_APPICON_NAME = AppIcon;
				ASSETCATALOG_COMPILER_LAUNCHIMAGE_NAME = LaunchImage;
				CODE_SIGN_IDENTITY = "iPhone Developer";
				GCC_PRECOMPILE_PREFIX_HEADER = YES;
				GCC_PREFIX_HEADER = "Pie Fight/Escape From Drury Lane-Prefix.pch";
				INFOPLIST_FILE = "Pie Fight/Escape From Drury Lane-Info.plist";
				PRODUCT_NAME = "Escape From Drury Lane";
				SPRITEKIT_TEXTURE_ATLAS_OUTPUT = YES;
				TARGETED_DEVICE_FAMILY = 1;
				WRAPPER_EXTENSION = app;
			};
			name = Release;
		};
		F12BA5BE19F6040F00C6B1FF /* Debug */ = {
			isa = XCBuildConfiguration;
			buildSettings = {
				BUNDLE_LOADER = "$(BUILT_PRODUCTS_DIR)/Pie Fight.app/Pie Fight";
				FRAMEWORK_SEARCH_PATHS = (
					"$(SDKROOT)/Developer/Library/Frameworks",
					"$(inherited)",
					"$(DEVELOPER_FRAMEWORKS_DIR)",
				);
				GCC_PRECOMPILE_PREFIX_HEADER = YES;
				GCC_PREFIX_HEADER = "Pie Fight/Pie Fight-Prefix.pch";
				GCC_PREPROCESSOR_DEFINITIONS = (
					"DEBUG=1",
					"$(inherited)",
				);
				INFOPLIST_FILE = "Pie FightTests/Escape From Drury LaneTests-Info.plist";
				PRODUCT_NAME = "Escape From Drury LaneTests";
				TEST_HOST = "$(BUNDLE_LOADER)";
				WRAPPER_EXTENSION = xctest;
			};
			name = Debug;
		};
		F12BA5BF19F6040F00C6B1FF /* Release */ = {
			isa = XCBuildConfiguration;
			buildSettings = {
				BUNDLE_LOADER = "$(BUILT_PRODUCTS_DIR)/Pie Fight.app/Pie Fight";
				FRAMEWORK_SEARCH_PATHS = (
					"$(SDKROOT)/Developer/Library/Frameworks",
					"$(inherited)",
					"$(DEVELOPER_FRAMEWORKS_DIR)",
				);
				GCC_PRECOMPILE_PREFIX_HEADER = YES;
				GCC_PREFIX_HEADER = "Pie Fight/Pie Fight-Prefix.pch";
				INFOPLIST_FILE = "Pie FightTests/Escape From Drury LaneTests-Info.plist";
				PRODUCT_NAME = "Escape From Drury LaneTests";
				TEST_HOST = "$(BUNDLE_LOADER)";
				WRAPPER_EXTENSION = xctest;
			};
			name = Release;
		};
/* End XCBuildConfiguration section */

/* Begin XCConfigurationList section */
		F12BA57C19F6040E00C6B1FF /* Build configuration list for PBXProject "Escape From Drury Lane" */ = {
			isa = XCConfigurationList;
			buildConfigurations = (
				F12BA5B819F6040F00C6B1FF /* Debug */,
				F12BA5B919F6040F00C6B1FF /* Release */,
			);
			defaultConfigurationIsVisible = 0;
			defaultConfigurationName = Release;
		};
		F12BA5BA19F6040F00C6B1FF /* Build configuration list for PBXNativeTarget "Escape From Drury Lane" */ = {
			isa = XCConfigurationList;
			buildConfigurations = (
				F12BA5BB19F6040F00C6B1FF /* Debug */,
				F12BA5BC19F6040F00C6B1FF /* Release */,
			);
			defaultConfigurationIsVisible = 0;
			defaultConfigurationName = Release;
		};
		F12BA5BD19F6040F00C6B1FF /* Build configuration list for PBXNativeTarget "Escape From Drury LaneTests" */ = {
			isa = XCConfigurationList;
			buildConfigurations = (
				F12BA5BE19F6040F00C6B1FF /* Debug */,
				F12BA5BF19F6040F00C6B1FF /* Release */,
			);
			defaultConfigurationIsVisible = 0;
			defaultConfigurationName = Release;
		};
/* End XCConfigurationList section */
	};
	rootObject = F12BA57919F6040E00C6B1FF /* Project object */;
}
